// !$*UTF8*$!
{
	archiveVersion = 1;
	classes = {
	};
	objectVersion = 46;
	objects = {

/* Begin PBXAggregateTarget section */
		"Swiftest::SwiftestPackageTests::ProductTarget" /* SwiftestPackageTests */ = {
			isa = PBXAggregateTarget;
			buildConfigurationList = OBJ_380 /* Build configuration list for PBXAggregateTarget "SwiftestPackageTests" */;
			buildPhases = (
			);
			dependencies = (
				OBJ_383 /* PBXTargetDependency */,
			);
			name = SwiftestPackageTests;
			productName = SwiftestPackageTests;
		};
/* End PBXAggregateTarget section */

/* Begin PBXBuildFile section */
		E4408C472278B4D90076CD8A /* test.json in Resources */ = {isa = PBXBuildFile; fileRef = E4408C452278B4A00076CD8A /* test.json */; };
		E475F61122D6D83700FE1007 /* Identifiable.swift in Sources */ = {isa = PBXBuildFile; fileRef = E475F61022D6D83700FE1007 /* Identifiable.swift */; };
		OBJ_224 /* BaseTestCase.swift in Sources */ = {isa = PBXBuildFile; fileRef = OBJ_212 /* BaseTestCase.swift */; };
		OBJ_225 /* LinuxTestable.swift in Sources */ = {isa = PBXBuildFile; fileRef = OBJ_213 /* LinuxTestable.swift */; };
		OBJ_226 /* XCAssertions.swift in Sources */ = {isa = PBXBuildFile; fileRef = OBJ_214 /* XCAssertions.swift */; };
		OBJ_233 /* Package.swift in Sources */ = {isa = PBXBuildFile; fileRef = OBJ_211 /* Package.swift */; };
		OBJ_239 /* Errors.swift in Sources */ = {isa = PBXBuildFile; fileRef = OBJ_10 /* Errors.swift */; };
		OBJ_240 /* Event.swift in Sources */ = {isa = PBXBuildFile; fileRef = OBJ_11 /* Event.swift */; };
		OBJ_241 /* Paginator.swift in Sources */ = {isa = PBXBuildFile; fileRef = OBJ_12 /* Paginator.swift */; };
		OBJ_242 /* Poller.swift in Sources */ = {isa = PBXBuildFile; fileRef = OBJ_13 /* Poller.swift */; };
		OBJ_243 /* WeakReference.swift in Sources */ = {isa = PBXBuildFile; fileRef = OBJ_14 /* WeakReference.swift */; };
		OBJ_244 /* CGPoint+Arithmetic.swift in Sources */ = {isa = PBXBuildFile; fileRef = OBJ_16 /* CGPoint+Arithmetic.swift */; };
		OBJ_245 /* CGRect+Initializers.swift in Sources */ = {isa = PBXBuildFile; fileRef = OBJ_17 /* CGRect+Initializers.swift */; };
		OBJ_246 /* CGSize+Arithmetic.swift in Sources */ = {isa = PBXBuildFile; fileRef = OBJ_18 /* CGSize+Arithmetic.swift */; };
		OBJ_247 /* CGSize+Initializers.swift in Sources */ = {isa = PBXBuildFile; fileRef = OBJ_19 /* CGSize+Initializers.swift */; };
		OBJ_248 /* CGRect+Framed.swift in Sources */ = {isa = PBXBuildFile; fileRef = OBJ_21 /* CGRect+Framed.swift */; };
		OBJ_249 /* CGSize+Sized.swift in Sources */ = {isa = PBXBuildFile; fileRef = OBJ_22 /* CGSize+Sized.swift */; };
		OBJ_250 /* Framed.swift in Sources */ = {isa = PBXBuildFile; fileRef = OBJ_23 /* Framed.swift */; };
		OBJ_251 /* Sized.swift in Sources */ = {isa = PBXBuildFile; fileRef = OBJ_24 /* Sized.swift */; };
		OBJ_252 /* ClassNameReflectable.swift in Sources */ = {isa = PBXBuildFile; fileRef = OBJ_26 /* ClassNameReflectable.swift */; };
		OBJ_253 /* NSAttributedString+.swift in Sources */ = {isa = PBXBuildFile; fileRef = OBJ_29 /* NSAttributedString+.swift */; };
		OBJ_254 /* NSMutableAttributedString+.swift in Sources */ = {isa = PBXBuildFile; fileRef = OBJ_30 /* NSMutableAttributedString+.swift */; };
		OBJ_255 /* Calendar+NumberOfDaysInMonth.swift in Sources */ = {isa = PBXBuildFile; fileRef = OBJ_31 /* Calendar+NumberOfDaysInMonth.swift */; };
		OBJ_256 /* CharacterSet+.swift in Sources */ = {isa = PBXBuildFile; fileRef = OBJ_32 /* CharacterSet+.swift */; };
		OBJ_257 /* BidirectionalCollection+MatrixIndexPathLookup.swift in Sources */ = {isa = PBXBuildFile; fileRef = OBJ_34 /* BidirectionalCollection+MatrixIndexPathLookup.swift */; };
		OBJ_258 /* Collection+ParallelIteration.swift in Sources */ = {isa = PBXBuildFile; fileRef = OBJ_35 /* Collection+ParallelIteration.swift */; };
		OBJ_259 /* Data+.swift in Sources */ = {isa = PBXBuildFile; fileRef = OBJ_36 /* Data+.swift */; };
		OBJ_260 /* Date+.swift in Sources */ = {isa = PBXBuildFile; fileRef = OBJ_37 /* Date+.swift */; };
		OBJ_261 /* DispatchQueue+Safe.swift in Sources */ = {isa = PBXBuildFile; fileRef = OBJ_39 /* DispatchQueue+Safe.swift */; };
		OBJ_262 /* Error+NetworkChecks.swift in Sources */ = {isa = PBXBuildFile; fileRef = OBJ_40 /* Error+NetworkChecks.swift */; };
		OBJ_263 /* FileManager+.swift in Sources */ = {isa = PBXBuildFile; fileRef = OBJ_41 /* FileManager+.swift */; };
		OBJ_264 /* Locale+.swift in Sources */ = {isa = PBXBuildFile; fileRef = OBJ_42 /* Locale+.swift */; };
		OBJ_265 /* NSPredicate+.swift in Sources */ = {isa = PBXBuildFile; fileRef = OBJ_43 /* NSPredicate+.swift */; };
		OBJ_266 /* NotificationCenter+.swift in Sources */ = {isa = PBXBuildFile; fileRef = OBJ_44 /* NotificationCenter+.swift */; };
		OBJ_267 /* String+Aggregate.swift in Sources */ = {isa = PBXBuildFile; fileRef = OBJ_46 /* String+Aggregate.swift */; };
		OBJ_268 /* String+Base64.swift in Sources */ = {isa = PBXBuildFile; fileRef = OBJ_47 /* String+Base64.swift */; };
		OBJ_269 /* String+Cleaning.swift in Sources */ = {isa = PBXBuildFile; fileRef = OBJ_48 /* String+Cleaning.swift */; };
		OBJ_270 /* String+ContentParsing.swift in Sources */ = {isa = PBXBuildFile; fileRef = OBJ_49 /* String+ContentParsing.swift */; };
		OBJ_271 /* String+Date.swift in Sources */ = {isa = PBXBuildFile; fileRef = OBJ_50 /* String+Date.swift */; };
		OBJ_272 /* String+Foundation+ContentAnalysis.swift in Sources */ = {isa = PBXBuildFile; fileRef = OBJ_51 /* String+Foundation+ContentAnalysis.swift */; };
		OBJ_273 /* String+FullRange.swift in Sources */ = {isa = PBXBuildFile; fileRef = OBJ_52 /* String+FullRange.swift */; };
		OBJ_274 /* String+Localized.swift in Sources */ = {isa = PBXBuildFile; fileRef = OBJ_53 /* String+Localized.swift */; };
		OBJ_275 /* String+PathComponents.swift in Sources */ = {isa = PBXBuildFile; fileRef = OBJ_54 /* String+PathComponents.swift */; };
		OBJ_276 /* String+URL.swift in Sources */ = {isa = PBXBuildFile; fileRef = OBJ_55 /* String+URL.swift */; };
		OBJ_277 /* URL+.swift in Sources */ = {isa = PBXBuildFile; fileRef = OBJ_57 /* URL+.swift */; };
		OBJ_278 /* URL+ExpressibleByStringLiteral.swift in Sources */ = {isa = PBXBuildFile; fileRef = OBJ_58 /* URL+ExpressibleByStringLiteral.swift */; };
		OBJ_279 /* URLRequest+.swift in Sources */ = {isa = PBXBuildFile; fileRef = OBJ_59 /* URLRequest+.swift */; };
		OBJ_280 /* UserDefaults+.swift in Sources */ = {isa = PBXBuildFile; fileRef = OBJ_60 /* UserDefaults+.swift */; };
		OBJ_281 /* KeyValueReadable.swift in Sources */ = {isa = PBXBuildFile; fileRef = OBJ_61 /* KeyValueReadable.swift */; };
		OBJ_282 /* PropertyReflectable.swift in Sources */ = {isa = PBXBuildFile; fileRef = OBJ_62 /* PropertyReflectable.swift */; };
		OBJ_283 /* BoolConvertible.swift in Sources */ = {isa = PBXBuildFile; fileRef = OBJ_65 /* BoolConvertible.swift */; };
		OBJ_284 /* CGFloatConvertible.swift in Sources */ = {isa = PBXBuildFile; fileRef = OBJ_66 /* CGFloatConvertible.swift */; };
		OBJ_285 /* DoubleConvertible.swift in Sources */ = {isa = PBXBuildFile; fileRef = OBJ_67 /* DoubleConvertible.swift */; };
		OBJ_286 /* FloatConvertible.swift in Sources */ = {isa = PBXBuildFile; fileRef = OBJ_68 /* FloatConvertible.swift */; };
		OBJ_287 /* IntConvertible.swift in Sources */ = {isa = PBXBuildFile; fileRef = OBJ_69 /* IntConvertible.swift */; };
		OBJ_288 /* RangeConvertible.swift in Sources */ = {isa = PBXBuildFile; fileRef = OBJ_70 /* RangeConvertible.swift */; };
		OBJ_289 /* StringConvertible.swift in Sources */ = {isa = PBXBuildFile; fileRef = OBJ_71 /* StringConvertible.swift */; };
		OBJ_290 /* DefaultMutable.swift in Sources */ = {isa = PBXBuildFile; fileRef = OBJ_73 /* DefaultMutable.swift */; };
		OBJ_291 /* Defaultable.swift in Sources */ = {isa = PBXBuildFile; fileRef = OBJ_74 /* Defaultable.swift */; };
		OBJ_292 /* EmptyInitializable.swift in Sources */ = {isa = PBXBuildFile; fileRef = OBJ_75 /* EmptyInitializable.swift */; };
		OBJ_293 /* Mockable.swift in Sources */ = {isa = PBXBuildFile; fileRef = OBJ_76 /* Mockable.swift */; };
		OBJ_294 /* ObjectDisplayable.swift in Sources */ = {isa = PBXBuildFile; fileRef = OBJ_77 /* ObjectDisplayable.swift */; };
		OBJ_295 /* OptionalProtocol.swift in Sources */ = {isa = PBXBuildFile; fileRef = OBJ_78 /* OptionalProtocol.swift */; };
		OBJ_296 /* RangeRandomizable.swift in Sources */ = {isa = PBXBuildFile; fileRef = OBJ_79 /* RangeRandomizable.swift */; };
		OBJ_297 /* Then.swift in Sources */ = {isa = PBXBuildFile; fileRef = OBJ_80 /* Then.swift */; };
		OBJ_298 /* CALayer+.swift in Sources */ = {isa = PBXBuildFile; fileRef = OBJ_82 /* CALayer+.swift */; };
		OBJ_299 /* BinaryFloatingPoint+Rounding.swift in Sources */ = {isa = PBXBuildFile; fileRef = OBJ_85 /* BinaryFloatingPoint+Rounding.swift */; };
		OBJ_300 /* Character+.swift in Sources */ = {isa = PBXBuildFile; fileRef = OBJ_86 /* Character+.swift */; };
		OBJ_301 /* Collection+.swift in Sources */ = {isa = PBXBuildFile; fileRef = OBJ_88 /* Collection+.swift */; };
		OBJ_302 /* Collection+Filtering.swift in Sources */ = {isa = PBXBuildFile; fileRef = OBJ_89 /* Collection+Filtering.swift */; };
		OBJ_303 /* Collection+Indices.swift in Sources */ = {isa = PBXBuildFile; fileRef = OBJ_90 /* Collection+Indices.swift */; };
		OBJ_304 /* Collection+Lookup.swift in Sources */ = {isa = PBXBuildFile; fileRef = OBJ_91 /* Collection+Lookup.swift */; };
		OBJ_305 /* Collection+Matrix.swift in Sources */ = {isa = PBXBuildFile; fileRef = OBJ_92 /* Collection+Matrix.swift */; };
		OBJ_306 /* Collection+Partitioning.swift in Sources */ = {isa = PBXBuildFile; fileRef = OBJ_93 /* Collection+Partitioning.swift */; };
		OBJ_307 /* Collection+ReverseLookup.swift in Sources */ = {isa = PBXBuildFile; fileRef = OBJ_94 /* Collection+ReverseLookup.swift */; };
		OBJ_308 /* RangeReplaceableCollection+Affix.swift in Sources */ = {isa = PBXBuildFile; fileRef = OBJ_95 /* RangeReplaceableCollection+Affix.swift */; };
		OBJ_309 /* RangeReplaceableCollection+Deduplication.swift in Sources */ = {isa = PBXBuildFile; fileRef = OBJ_96 /* RangeReplaceableCollection+Deduplication.swift */; };
		OBJ_310 /* RangeReplaceableCollection+Queue.swift in Sources */ = {isa = PBXBuildFile; fileRef = OBJ_97 /* RangeReplaceableCollection+Queue.swift */; };
		OBJ_311 /* RangeReplaceableCollection+RemovingInstances.swift in Sources */ = {isa = PBXBuildFile; fileRef = OBJ_98 /* RangeReplaceableCollection+RemovingInstances.swift */; };
		OBJ_312 /* RangeReplaceableCollection+Repeat.swift in Sources */ = {isa = PBXBuildFile; fileRef = OBJ_99 /* RangeReplaceableCollection+Repeat.swift */; };
		OBJ_313 /* RangeReplaceableCollection+Rotate.swift in Sources */ = {isa = PBXBuildFile; fileRef = OBJ_100 /* RangeReplaceableCollection+Rotate.swift */; };
		OBJ_314 /* RangeReplaceableCollection+Stack.swift in Sources */ = {isa = PBXBuildFile; fileRef = OBJ_101 /* RangeReplaceableCollection+Stack.swift */; };
		OBJ_315 /* Comparable+Clamped.swift in Sources */ = {isa = PBXBuildFile; fileRef = OBJ_103 /* Comparable+Clamped.swift */; };
		OBJ_316 /* Comparable+Optionals.swift in Sources */ = {isa = PBXBuildFile; fileRef = OBJ_104 /* Comparable+Optionals.swift */; };
		OBJ_317 /* Comparable+Range.swift in Sources */ = {isa = PBXBuildFile; fileRef = OBJ_105 /* Comparable+Range.swift */; };
		OBJ_318 /* Dictionary+.swift in Sources */ = {isa = PBXBuildFile; fileRef = OBJ_107 /* Dictionary+.swift */; };
		OBJ_319 /* Dictionary+Arithmetic.swift in Sources */ = {isa = PBXBuildFile; fileRef = OBJ_108 /* Dictionary+Arithmetic.swift */; };
		OBJ_320 /* Dictionary+Merging.swift in Sources */ = {isa = PBXBuildFile; fileRef = OBJ_109 /* Dictionary+Merging.swift */; };
		OBJ_321 /* Equatable+.swift in Sources */ = {isa = PBXBuildFile; fileRef = OBJ_110 /* Equatable+.swift */; };
		OBJ_322 /* FloatingPoint+.swift in Sources */ = {isa = PBXBuildFile; fileRef = OBJ_111 /* FloatingPoint+.swift */; };
		OBJ_323 /* Int+.swift in Sources */ = {isa = PBXBuildFile; fileRef = OBJ_113 /* Int+.swift */; };
		OBJ_324 /* Int+Loop.swift in Sources */ = {isa = PBXBuildFile; fileRef = OBJ_114 /* Int+Loop.swift */; };
		OBJ_325 /* Optional+.swift in Sources */ = {isa = PBXBuildFile; fileRef = OBJ_116 /* Optional+.swift */; };
		OBJ_326 /* Optional+EmptyCollections.swift in Sources */ = {isa = PBXBuildFile; fileRef = OBJ_117 /* Optional+EmptyCollections.swift */; };
		OBJ_327 /* Sequence+Aggregate.swift in Sources */ = {isa = PBXBuildFile; fileRef = OBJ_119 /* Sequence+Aggregate.swift */; };
		OBJ_328 /* Sequence+BooleanTests.swift in Sources */ = {isa = PBXBuildFile; fileRef = OBJ_120 /* Sequence+BooleanTests.swift */; };
		OBJ_329 /* Sequence+Grouping.swift in Sources */ = {isa = PBXBuildFile; fileRef = OBJ_121 /* Sequence+Grouping.swift */; };
		OBJ_330 /* Sequence+Indexing.swift in Sources */ = {isa = PBXBuildFile; fileRef = OBJ_122 /* Sequence+Indexing.swift */; };
		OBJ_331 /* Sequence+Iterating.swift in Sources */ = {isa = PBXBuildFile; fileRef = OBJ_123 /* Sequence+Iterating.swift */; };
		OBJ_332 /* Sequence+KeyPathSorting.swift in Sources */ = {isa = PBXBuildFile; fileRef = OBJ_124 /* Sequence+KeyPathSorting.swift */; };
		OBJ_333 /* Sequence+KeyPathValues.swift in Sources */ = {isa = PBXBuildFile; fileRef = OBJ_125 /* Sequence+KeyPathValues.swift */; };
		OBJ_334 /* Sequence+Search.swift in Sources */ = {isa = PBXBuildFile; fileRef = OBJ_126 /* Sequence+Search.swift */; };
		OBJ_335 /* Sequence+Transformed.swift in Sources */ = {isa = PBXBuildFile; fileRef = OBJ_127 /* Sequence+Transformed.swift */; };
		OBJ_336 /* Set+ContentAnalysis.swift in Sources */ = {isa = PBXBuildFile; fileRef = OBJ_128 /* Set+ContentAnalysis.swift */; };
		OBJ_337 /* SignedInteger+.swift in Sources */ = {isa = PBXBuildFile; fileRef = OBJ_129 /* SignedInteger+.swift */; };
		OBJ_338 /* SignedNumeric+.swift in Sources */ = {isa = PBXBuildFile; fileRef = OBJ_130 /* SignedNumeric+.swift */; };
		OBJ_339 /* String+.swift in Sources */ = {isa = PBXBuildFile; fileRef = OBJ_132 /* String+.swift */; };
		OBJ_340 /* String+Affix.swift in Sources */ = {isa = PBXBuildFile; fileRef = OBJ_133 /* String+Affix.swift */; };
		OBJ_341 /* String+BooleanTests.swift in Sources */ = {isa = PBXBuildFile; fileRef = OBJ_134 /* String+BooleanTests.swift */; };
		OBJ_342 /* String+Case.swift in Sources */ = {isa = PBXBuildFile; fileRef = OBJ_135 /* String+Case.swift */; };
		OBJ_343 /* String+Characters.swift in Sources */ = {isa = PBXBuildFile; fileRef = OBJ_136 /* String+Characters.swift */; };
		OBJ_344 /* String+Repeat.swift in Sources */ = {isa = PBXBuildFile; fileRef = OBJ_137 /* String+Repeat.swift */; };
		OBJ_345 /* String+SafeLookup.swift in Sources */ = {isa = PBXBuildFile; fileRef = OBJ_138 /* String+SafeLookup.swift */; };
		OBJ_346 /* String+Slicing.swift in Sources */ = {isa = PBXBuildFile; fileRef = OBJ_139 /* String+Slicing.swift */; };
		OBJ_347 /* String+Transformations.swift in Sources */ = {isa = PBXBuildFile; fileRef = OBJ_140 /* String+Transformations.swift */; };
		OBJ_348 /* String+Truncating.swift in Sources */ = {isa = PBXBuildFile; fileRef = OBJ_141 /* String+Truncating.swift */; };
		OBJ_349 /* StringProtocol+LongestCommonSuffix.swift in Sources */ = {isa = PBXBuildFile; fileRef = OBJ_142 /* StringProtocol+LongestCommonSuffix.swift */; };
		OBJ_350 /* KeyPathFilter.swift in Sources */ = {isa = PBXBuildFile; fileRef = OBJ_144 /* KeyPathFilter.swift */; };
		OBJ_351 /* KeyPathBuildable.swift in Sources */ = {isa = PBXBuildFile; fileRef = OBJ_146 /* KeyPathBuildable.swift */; };
		OBJ_352 /* KeyPathValueMapOperator.swift in Sources */ = {isa = PBXBuildFile; fileRef = OBJ_147 /* KeyPathValueMapOperator.swift */; };
		OBJ_353 /* KeyPathValuePair.swift in Sources */ = {isa = PBXBuildFile; fileRef = OBJ_148 /* KeyPathValuePair.swift */; };
		OBJ_354 /* KeyPathValuePairAssignable.swift in Sources */ = {isa = PBXBuildFile; fileRef = OBJ_149 /* KeyPathValuePairAssignable.swift */; };
		OBJ_355 /* KeyPathValuePairInitializable.swift in Sources */ = {isa = PBXBuildFile; fileRef = OBJ_150 /* KeyPathValuePairInitializable.swift */; };
		OBJ_356 /* ExponentiationOperator.swift in Sources */ = {isa = PBXBuildFile; fileRef = OBJ_153 /* ExponentiationOperator.swift */; };
		OBJ_357 /* PlusMinusOperator.swift in Sources */ = {isa = PBXBuildFile; fileRef = OBJ_154 /* PlusMinusOperator.swift */; };
		OBJ_358 /* SquareRootOperator.swift in Sources */ = {isa = PBXBuildFile; fileRef = OBJ_155 /* SquareRootOperator.swift */; };
		OBJ_359 /* FunctionChainOperator.swift in Sources */ = {isa = PBXBuildFile; fileRef = OBJ_156 /* FunctionChainOperator.swift */; };
		OBJ_360 /* MapOperator.swift in Sources */ = {isa = PBXBuildFile; fileRef = OBJ_158 /* MapOperator.swift */; };
		OBJ_361 /* OptionalAssignmentOperators.swift in Sources */ = {isa = PBXBuildFile; fileRef = OBJ_159 /* OptionalAssignmentOperators.swift */; };
		OBJ_362 /* TransformErrorOperator.swift in Sources */ = {isa = PBXBuildFile; fileRef = OBJ_161 /* TransformErrorOperator.swift */; };
		OBJ_363 /* TransformKeyPathToFunctionOperator.swift in Sources */ = {isa = PBXBuildFile; fileRef = OBJ_162 /* TransformKeyPathToFunctionOperator.swift */; };
		OBJ_364 /* Pairs.swift in Sources */ = {isa = PBXBuildFile; fileRef = OBJ_164 /* Pairs.swift */; };
		OBJ_365 /* Typealiases.swift in Sources */ = {isa = PBXBuildFile; fileRef = OBJ_165 /* Typealiases.swift */; };
		OBJ_366 /* DebugUtils.swift in Sources */ = {isa = PBXBuildFile; fileRef = OBJ_167 /* DebugUtils.swift */; };
		OBJ_367 /* GlobalFunctions.swift in Sources */ = {isa = PBXBuildFile; fileRef = OBJ_168 /* GlobalFunctions.swift */; };
		OBJ_368 /* Logger.swift in Sources */ = {isa = PBXBuildFile; fileRef = OBJ_169 /* Logger.swift */; };
		OBJ_369 /* ReadWriteLock.swift in Sources */ = {isa = PBXBuildFile; fileRef = OBJ_170 /* ReadWriteLock.swift */; };
		OBJ_370 /* StringUtils.swift in Sources */ = {isa = PBXBuildFile; fileRef = OBJ_171 /* StringUtils.swift */; };
		OBJ_371 /* ThreadingUtils.swift in Sources */ = {isa = PBXBuildFile; fileRef = OBJ_172 /* ThreadingUtils.swift */; };
		OBJ_378 /* Package.swift in Sources */ = {isa = PBXBuildFile; fileRef = OBJ_6 /* Package.swift */; };
		OBJ_389 /* CalendarExtensionTest.swift in Sources */ = {isa = PBXBuildFile; fileRef = OBJ_176 /* CalendarExtensionTest.swift */; };
		OBJ_390 /* DataExtensionsTests.swift in Sources */ = {isa = PBXBuildFile; fileRef = OBJ_177 /* DataExtensionsTests.swift */; };
		OBJ_391 /* DateExtensionsTests.swift in Sources */ = {isa = PBXBuildFile; fileRef = OBJ_178 /* DateExtensionsTests.swift */; };
		OBJ_392 /* FileManagerExtensionsTests.swift in Sources */ = {isa = PBXBuildFile; fileRef = OBJ_179 /* FileManagerExtensionsTests.swift */; };
		OBJ_393 /* LocaleExtensionsTests.swift in Sources */ = {isa = PBXBuildFile; fileRef = OBJ_180 /* LocaleExtensionsTests.swift */; };
		OBJ_394 /* NSPredicateExtensionsTests.swift in Sources */ = {isa = PBXBuildFile; fileRef = OBJ_181 /* NSPredicateExtensionsTests.swift */; };
		OBJ_395 /* URLExtensionsTests.swift in Sources */ = {isa = PBXBuildFile; fileRef = OBJ_182 /* URLExtensionsTests.swift */; };
		OBJ_396 /* URLRequestExtensionsTests.swift in Sources */ = {isa = PBXBuildFile; fileRef = OBJ_183 /* URLRequestExtensionsTests.swift */; };
		OBJ_397 /* UserDefaultsExtensionsTests.swift in Sources */ = {isa = PBXBuildFile; fileRef = OBJ_184 /* UserDefaultsExtensionsTests.swift */; };
		OBJ_398 /* ArrayExtensionsTests.swift in Sources */ = {isa = PBXBuildFile; fileRef = OBJ_186 /* ArrayExtensionsTests.swift */; };
		OBJ_399 /* BidirectionalCollectionExtensionsTests.swift in Sources */ = {isa = PBXBuildFile; fileRef = OBJ_187 /* BidirectionalCollectionExtensionsTests.swift */; };
		OBJ_400 /* BinaryFloatingPointExtensionsTests.swift in Sources */ = {isa = PBXBuildFile; fileRef = OBJ_188 /* BinaryFloatingPointExtensionsTests.swift */; };
		OBJ_401 /* BoolExtensionsTests.swift in Sources */ = {isa = PBXBuildFile; fileRef = OBJ_189 /* BoolExtensionsTests.swift */; };
		OBJ_402 /* CharacterExtensionsTests.swift in Sources */ = {isa = PBXBuildFile; fileRef = OBJ_190 /* CharacterExtensionsTests.swift */; };
		OBJ_403 /* CollectionExtensionsTests.swift in Sources */ = {isa = PBXBuildFile; fileRef = OBJ_191 /* CollectionExtensionsTests.swift */; };
		OBJ_404 /* ComparableExtensionsTests.swift in Sources */ = {isa = PBXBuildFile; fileRef = OBJ_192 /* ComparableExtensionsTests.swift */; };
		OBJ_405 /* DictionaryExtensionsTests.swift in Sources */ = {isa = PBXBuildFile; fileRef = OBJ_193 /* DictionaryExtensionsTests.swift */; };
		OBJ_406 /* DoubleExtensionsTests.swift in Sources */ = {isa = PBXBuildFile; fileRef = OBJ_194 /* DoubleExtensionsTests.swift */; };
		OBJ_407 /* FloatExtensionsTests.swift in Sources */ = {isa = PBXBuildFile; fileRef = OBJ_195 /* FloatExtensionsTests.swift */; };
		OBJ_408 /* FloatingPointExtensionsTests.swift in Sources */ = {isa = PBXBuildFile; fileRef = OBJ_196 /* FloatingPointExtensionsTests.swift */; };
		OBJ_409 /* IntExtensionsTests.swift in Sources */ = {isa = PBXBuildFile; fileRef = OBJ_197 /* IntExtensionsTests.swift */; };
		OBJ_410 /* KeyPathValuePairAssignableTests.swift in Sources */ = {isa = PBXBuildFile; fileRef = OBJ_198 /* KeyPathValuePairAssignableTests.swift */; };
		OBJ_411 /* OptionalExtensionsTests.swift in Sources */ = {isa = PBXBuildFile; fileRef = OBJ_199 /* OptionalExtensionsTests.swift */; };
		OBJ_412 /* RandomAccessCollectionExtensionsTests.swift in Sources */ = {isa = PBXBuildFile; fileRef = OBJ_200 /* RandomAccessCollectionExtensionsTests.swift */; };
		OBJ_413 /* RangeReplaceableCollectionTests.swift in Sources */ = {isa = PBXBuildFile; fileRef = OBJ_201 /* RangeReplaceableCollectionTests.swift */; };
		OBJ_414 /* SequenceExtensionsTests.swift in Sources */ = {isa = PBXBuildFile; fileRef = OBJ_202 /* SequenceExtensionsTests.swift */; };
		OBJ_415 /* SignedIntegerExtensionsTests.swift in Sources */ = {isa = PBXBuildFile; fileRef = OBJ_203 /* SignedIntegerExtensionsTests.swift */; };
		OBJ_416 /* SignedNumericExtensionsTests.swift in Sources */ = {isa = PBXBuildFile; fileRef = OBJ_204 /* SignedNumericExtensionsTests.swift */; };
		OBJ_417 /* StringExtensionsTests.swift in Sources */ = {isa = PBXBuildFile; fileRef = OBJ_205 /* StringExtensionsTests.swift */; };
		OBJ_418 /* StringProtocolExtensionsTests.swift in Sources */ = {isa = PBXBuildFile; fileRef = OBJ_206 /* StringProtocolExtensionsTests.swift */; };
		OBJ_420 /* SwiftTestUtils.framework in Frameworks */ = {isa = PBXBuildFile; fileRef = "SwiftTestUtils::SwiftTestUtils::Product" /* SwiftTestUtils.framework */; };
		OBJ_421 /* Swiftest.framework in Frameworks */ = {isa = PBXBuildFile; fileRef = "Swiftest::Swiftest::Product" /* Swiftest.framework */; };
/* End PBXBuildFile section */

/* Begin PBXContainerItemProxy section */
		E4408C3C2278B06A0076CD8A /* PBXContainerItemProxy */ = {
			isa = PBXContainerItemProxy;
			containerPortal = OBJ_1 /* Project object */;
			proxyType = 1;
			remoteGlobalIDString = "SwiftTestUtils::SwiftTestUtils";
			remoteInfo = SwiftTestUtils;
		};
		E4408C3D2278B06A0076CD8A /* PBXContainerItemProxy */ = {
			isa = PBXContainerItemProxy;
			containerPortal = OBJ_1 /* Project object */;
			proxyType = 1;
			remoteGlobalIDString = "Swiftest::Swiftest";
			remoteInfo = Swiftest;
		};
		E4408C3E2278B06B0076CD8A /* PBXContainerItemProxy */ = {
			isa = PBXContainerItemProxy;
			containerPortal = OBJ_1 /* Project object */;
			proxyType = 1;
			remoteGlobalIDString = "Swiftest::SwiftestTests";
			remoteInfo = SwiftestTests;
		};
/* End PBXContainerItemProxy section */

/* Begin PBXFileReference section */
		E4408C452278B4A00076CD8A /* test.json */ = {isa = PBXFileReference; fileEncoding = 4; lastKnownFileType = text.json; path = test.json; sourceTree = "<group>"; };
		E4408C482278CD550076CD8A /* run_tests.sh */ = {isa = PBXFileReference; lastKnownFileType = text.script.sh; path = run_tests.sh; sourceTree = "<group>"; };
		E475F61022D6D83700FE1007 /* Identifiable.swift */ = {isa = PBXFileReference; lastKnownFileType = sourcecode.swift; path = Identifiable.swift; sourceTree = "<group>"; };
		OBJ_10 /* Errors.swift */ = {isa = PBXFileReference; lastKnownFileType = sourcecode.swift; path = Errors.swift; sourceTree = "<group>"; };
		OBJ_100 /* RangeReplaceableCollection+Rotate.swift */ = {isa = PBXFileReference; lastKnownFileType = sourcecode.swift; path = "RangeReplaceableCollection+Rotate.swift"; sourceTree = "<group>"; };
		OBJ_101 /* RangeReplaceableCollection+Stack.swift */ = {isa = PBXFileReference; lastKnownFileType = sourcecode.swift; path = "RangeReplaceableCollection+Stack.swift"; sourceTree = "<group>"; };
		OBJ_103 /* Comparable+Clamped.swift */ = {isa = PBXFileReference; lastKnownFileType = sourcecode.swift; path = "Comparable+Clamped.swift"; sourceTree = "<group>"; };
		OBJ_104 /* Comparable+Optionals.swift */ = {isa = PBXFileReference; lastKnownFileType = sourcecode.swift; path = "Comparable+Optionals.swift"; sourceTree = "<group>"; };
		OBJ_105 /* Comparable+Range.swift */ = {isa = PBXFileReference; lastKnownFileType = sourcecode.swift; path = "Comparable+Range.swift"; sourceTree = "<group>"; };
		OBJ_107 /* Dictionary+.swift */ = {isa = PBXFileReference; lastKnownFileType = sourcecode.swift; path = "Dictionary+.swift"; sourceTree = "<group>"; };
		OBJ_108 /* Dictionary+Arithmetic.swift */ = {isa = PBXFileReference; lastKnownFileType = sourcecode.swift; path = "Dictionary+Arithmetic.swift"; sourceTree = "<group>"; };
		OBJ_109 /* Dictionary+Merging.swift */ = {isa = PBXFileReference; lastKnownFileType = sourcecode.swift; path = "Dictionary+Merging.swift"; sourceTree = "<group>"; };
		OBJ_11 /* Event.swift */ = {isa = PBXFileReference; lastKnownFileType = sourcecode.swift; path = Event.swift; sourceTree = "<group>"; };
		OBJ_110 /* Equatable+.swift */ = {isa = PBXFileReference; lastKnownFileType = sourcecode.swift; path = "Equatable+.swift"; sourceTree = "<group>"; };
		OBJ_111 /* FloatingPoint+.swift */ = {isa = PBXFileReference; lastKnownFileType = sourcecode.swift; path = "FloatingPoint+.swift"; sourceTree = "<group>"; };
		OBJ_113 /* Int+.swift */ = {isa = PBXFileReference; lastKnownFileType = sourcecode.swift; path = "Int+.swift"; sourceTree = "<group>"; };
		OBJ_114 /* Int+Loop.swift */ = {isa = PBXFileReference; lastKnownFileType = sourcecode.swift; path = "Int+Loop.swift"; sourceTree = "<group>"; };
		OBJ_116 /* Optional+.swift */ = {isa = PBXFileReference; lastKnownFileType = sourcecode.swift; path = "Optional+.swift"; sourceTree = "<group>"; };
		OBJ_117 /* Optional+EmptyCollections.swift */ = {isa = PBXFileReference; lastKnownFileType = sourcecode.swift; path = "Optional+EmptyCollections.swift"; sourceTree = "<group>"; };
		OBJ_119 /* Sequence+Aggregate.swift */ = {isa = PBXFileReference; lastKnownFileType = sourcecode.swift; path = "Sequence+Aggregate.swift"; sourceTree = "<group>"; };
		OBJ_12 /* Paginator.swift */ = {isa = PBXFileReference; lastKnownFileType = sourcecode.swift; path = Paginator.swift; sourceTree = "<group>"; };
		OBJ_120 /* Sequence+BooleanTests.swift */ = {isa = PBXFileReference; lastKnownFileType = sourcecode.swift; path = "Sequence+BooleanTests.swift"; sourceTree = "<group>"; };
		OBJ_121 /* Sequence+Grouping.swift */ = {isa = PBXFileReference; lastKnownFileType = sourcecode.swift; path = "Sequence+Grouping.swift"; sourceTree = "<group>"; };
		OBJ_122 /* Sequence+Indexing.swift */ = {isa = PBXFileReference; lastKnownFileType = sourcecode.swift; path = "Sequence+Indexing.swift"; sourceTree = "<group>"; };
		OBJ_123 /* Sequence+Iterating.swift */ = {isa = PBXFileReference; lastKnownFileType = sourcecode.swift; path = "Sequence+Iterating.swift"; sourceTree = "<group>"; };
		OBJ_124 /* Sequence+KeyPathSorting.swift */ = {isa = PBXFileReference; lastKnownFileType = sourcecode.swift; path = "Sequence+KeyPathSorting.swift"; sourceTree = "<group>"; };
		OBJ_125 /* Sequence+KeyPathValues.swift */ = {isa = PBXFileReference; lastKnownFileType = sourcecode.swift; path = "Sequence+KeyPathValues.swift"; sourceTree = "<group>"; };
		OBJ_126 /* Sequence+Search.swift */ = {isa = PBXFileReference; lastKnownFileType = sourcecode.swift; path = "Sequence+Search.swift"; sourceTree = "<group>"; };
		OBJ_127 /* Sequence+Transformed.swift */ = {isa = PBXFileReference; lastKnownFileType = sourcecode.swift; path = "Sequence+Transformed.swift"; sourceTree = "<group>"; };
		OBJ_128 /* Set+ContentAnalysis.swift */ = {isa = PBXFileReference; lastKnownFileType = sourcecode.swift; path = "Set+ContentAnalysis.swift"; sourceTree = "<group>"; };
		OBJ_129 /* SignedInteger+.swift */ = {isa = PBXFileReference; lastKnownFileType = sourcecode.swift; path = "SignedInteger+.swift"; sourceTree = "<group>"; };
		OBJ_13 /* Poller.swift */ = {isa = PBXFileReference; lastKnownFileType = sourcecode.swift; path = Poller.swift; sourceTree = "<group>"; };
		OBJ_130 /* SignedNumeric+.swift */ = {isa = PBXFileReference; lastKnownFileType = sourcecode.swift; path = "SignedNumeric+.swift"; sourceTree = "<group>"; };
		OBJ_132 /* String+.swift */ = {isa = PBXFileReference; lastKnownFileType = sourcecode.swift; path = "String+.swift"; sourceTree = "<group>"; };
		OBJ_133 /* String+Affix.swift */ = {isa = PBXFileReference; lastKnownFileType = sourcecode.swift; path = "String+Affix.swift"; sourceTree = "<group>"; };
		OBJ_134 /* String+BooleanTests.swift */ = {isa = PBXFileReference; lastKnownFileType = sourcecode.swift; path = "String+BooleanTests.swift"; sourceTree = "<group>"; };
		OBJ_135 /* String+Case.swift */ = {isa = PBXFileReference; lastKnownFileType = sourcecode.swift; path = "String+Case.swift"; sourceTree = "<group>"; };
		OBJ_136 /* String+Characters.swift */ = {isa = PBXFileReference; lastKnownFileType = sourcecode.swift; path = "String+Characters.swift"; sourceTree = "<group>"; };
		OBJ_137 /* String+Repeat.swift */ = {isa = PBXFileReference; lastKnownFileType = sourcecode.swift; path = "String+Repeat.swift"; sourceTree = "<group>"; };
		OBJ_138 /* String+SafeLookup.swift */ = {isa = PBXFileReference; lastKnownFileType = sourcecode.swift; path = "String+SafeLookup.swift"; sourceTree = "<group>"; };
		OBJ_139 /* String+Slicing.swift */ = {isa = PBXFileReference; lastKnownFileType = sourcecode.swift; path = "String+Slicing.swift"; sourceTree = "<group>"; };
		OBJ_14 /* WeakReference.swift */ = {isa = PBXFileReference; lastKnownFileType = sourcecode.swift; path = WeakReference.swift; sourceTree = "<group>"; };
		OBJ_140 /* String+Transformations.swift */ = {isa = PBXFileReference; lastKnownFileType = sourcecode.swift; path = "String+Transformations.swift"; sourceTree = "<group>"; };
		OBJ_141 /* String+Truncating.swift */ = {isa = PBXFileReference; lastKnownFileType = sourcecode.swift; path = "String+Truncating.swift"; sourceTree = "<group>"; };
		OBJ_142 /* StringProtocol+LongestCommonSuffix.swift */ = {isa = PBXFileReference; lastKnownFileType = sourcecode.swift; path = "StringProtocol+LongestCommonSuffix.swift"; sourceTree = "<group>"; };
		OBJ_144 /* KeyPathFilter.swift */ = {isa = PBXFileReference; lastKnownFileType = sourcecode.swift; path = KeyPathFilter.swift; sourceTree = "<group>"; };
		OBJ_146 /* KeyPathBuildable.swift */ = {isa = PBXFileReference; lastKnownFileType = sourcecode.swift; path = KeyPathBuildable.swift; sourceTree = "<group>"; };
		OBJ_147 /* KeyPathValueMapOperator.swift */ = {isa = PBXFileReference; lastKnownFileType = sourcecode.swift; path = KeyPathValueMapOperator.swift; sourceTree = "<group>"; };
		OBJ_148 /* KeyPathValuePair.swift */ = {isa = PBXFileReference; lastKnownFileType = sourcecode.swift; path = KeyPathValuePair.swift; sourceTree = "<group>"; };
		OBJ_149 /* KeyPathValuePairAssignable.swift */ = {isa = PBXFileReference; lastKnownFileType = sourcecode.swift; path = KeyPathValuePairAssignable.swift; sourceTree = "<group>"; };
		OBJ_150 /* KeyPathValuePairInitializable.swift */ = {isa = PBXFileReference; lastKnownFileType = sourcecode.swift; path = KeyPathValuePairInitializable.swift; sourceTree = "<group>"; };
		OBJ_153 /* ExponentiationOperator.swift */ = {isa = PBXFileReference; lastKnownFileType = sourcecode.swift; path = ExponentiationOperator.swift; sourceTree = "<group>"; };
		OBJ_154 /* PlusMinusOperator.swift */ = {isa = PBXFileReference; lastKnownFileType = sourcecode.swift; path = PlusMinusOperator.swift; sourceTree = "<group>"; };
		OBJ_155 /* SquareRootOperator.swift */ = {isa = PBXFileReference; lastKnownFileType = sourcecode.swift; path = SquareRootOperator.swift; sourceTree = "<group>"; };
		OBJ_156 /* FunctionChainOperator.swift */ = {isa = PBXFileReference; lastKnownFileType = sourcecode.swift; path = FunctionChainOperator.swift; sourceTree = "<group>"; };
		OBJ_158 /* MapOperator.swift */ = {isa = PBXFileReference; lastKnownFileType = sourcecode.swift; path = MapOperator.swift; sourceTree = "<group>"; };
		OBJ_159 /* OptionalAssignmentOperators.swift */ = {isa = PBXFileReference; lastKnownFileType = sourcecode.swift; path = OptionalAssignmentOperators.swift; sourceTree = "<group>"; };
		OBJ_16 /* CGPoint+Arithmetic.swift */ = {isa = PBXFileReference; lastKnownFileType = sourcecode.swift; path = "CGPoint+Arithmetic.swift"; sourceTree = "<group>"; };
		OBJ_161 /* TransformErrorOperator.swift */ = {isa = PBXFileReference; lastKnownFileType = sourcecode.swift; path = TransformErrorOperator.swift; sourceTree = "<group>"; };
		OBJ_162 /* TransformKeyPathToFunctionOperator.swift */ = {isa = PBXFileReference; lastKnownFileType = sourcecode.swift; path = TransformKeyPathToFunctionOperator.swift; sourceTree = "<group>"; };
		OBJ_164 /* Pairs.swift */ = {isa = PBXFileReference; lastKnownFileType = sourcecode.swift; path = Pairs.swift; sourceTree = "<group>"; };
		OBJ_165 /* Typealiases.swift */ = {isa = PBXFileReference; lastKnownFileType = sourcecode.swift; path = Typealiases.swift; sourceTree = "<group>"; };
		OBJ_167 /* DebugUtils.swift */ = {isa = PBXFileReference; lastKnownFileType = sourcecode.swift; path = DebugUtils.swift; sourceTree = "<group>"; };
		OBJ_168 /* GlobalFunctions.swift */ = {isa = PBXFileReference; lastKnownFileType = sourcecode.swift; path = GlobalFunctions.swift; sourceTree = "<group>"; };
		OBJ_169 /* Logger.swift */ = {isa = PBXFileReference; lastKnownFileType = sourcecode.swift; path = Logger.swift; sourceTree = "<group>"; };
		OBJ_17 /* CGRect+Initializers.swift */ = {isa = PBXFileReference; lastKnownFileType = sourcecode.swift; path = "CGRect+Initializers.swift"; sourceTree = "<group>"; };
		OBJ_170 /* ReadWriteLock.swift */ = {isa = PBXFileReference; lastKnownFileType = sourcecode.swift; path = ReadWriteLock.swift; sourceTree = "<group>"; };
		OBJ_171 /* StringUtils.swift */ = {isa = PBXFileReference; lastKnownFileType = sourcecode.swift; path = StringUtils.swift; sourceTree = "<group>"; };
		OBJ_172 /* ThreadingUtils.swift */ = {isa = PBXFileReference; lastKnownFileType = sourcecode.swift; path = ThreadingUtils.swift; sourceTree = "<group>"; };
		OBJ_176 /* CalendarExtensionTest.swift */ = {isa = PBXFileReference; lastKnownFileType = sourcecode.swift; path = CalendarExtensionTest.swift; sourceTree = "<group>"; };
		OBJ_177 /* DataExtensionsTests.swift */ = {isa = PBXFileReference; lastKnownFileType = sourcecode.swift; path = DataExtensionsTests.swift; sourceTree = "<group>"; };
		OBJ_178 /* DateExtensionsTests.swift */ = {isa = PBXFileReference; lastKnownFileType = sourcecode.swift; path = DateExtensionsTests.swift; sourceTree = "<group>"; };
		OBJ_179 /* FileManagerExtensionsTests.swift */ = {isa = PBXFileReference; lastKnownFileType = sourcecode.swift; path = FileManagerExtensionsTests.swift; sourceTree = "<group>"; };
		OBJ_18 /* CGSize+Arithmetic.swift */ = {isa = PBXFileReference; lastKnownFileType = sourcecode.swift; path = "CGSize+Arithmetic.swift"; sourceTree = "<group>"; };
		OBJ_180 /* LocaleExtensionsTests.swift */ = {isa = PBXFileReference; lastKnownFileType = sourcecode.swift; path = LocaleExtensionsTests.swift; sourceTree = "<group>"; };
		OBJ_181 /* NSPredicateExtensionsTests.swift */ = {isa = PBXFileReference; lastKnownFileType = sourcecode.swift; path = NSPredicateExtensionsTests.swift; sourceTree = "<group>"; };
		OBJ_182 /* URLExtensionsTests.swift */ = {isa = PBXFileReference; lastKnownFileType = sourcecode.swift; path = URLExtensionsTests.swift; sourceTree = "<group>"; };
		OBJ_183 /* URLRequestExtensionsTests.swift */ = {isa = PBXFileReference; lastKnownFileType = sourcecode.swift; path = URLRequestExtensionsTests.swift; sourceTree = "<group>"; };
		OBJ_184 /* UserDefaultsExtensionsTests.swift */ = {isa = PBXFileReference; lastKnownFileType = sourcecode.swift; path = UserDefaultsExtensionsTests.swift; sourceTree = "<group>"; };
		OBJ_186 /* ArrayExtensionsTests.swift */ = {isa = PBXFileReference; lastKnownFileType = sourcecode.swift; path = ArrayExtensionsTests.swift; sourceTree = "<group>"; };
		OBJ_187 /* BidirectionalCollectionExtensionsTests.swift */ = {isa = PBXFileReference; lastKnownFileType = sourcecode.swift; path = BidirectionalCollectionExtensionsTests.swift; sourceTree = "<group>"; };
		OBJ_188 /* BinaryFloatingPointExtensionsTests.swift */ = {isa = PBXFileReference; lastKnownFileType = sourcecode.swift; path = BinaryFloatingPointExtensionsTests.swift; sourceTree = "<group>"; };
		OBJ_189 /* BoolExtensionsTests.swift */ = {isa = PBXFileReference; lastKnownFileType = sourcecode.swift; path = BoolExtensionsTests.swift; sourceTree = "<group>"; };
		OBJ_19 /* CGSize+Initializers.swift */ = {isa = PBXFileReference; lastKnownFileType = sourcecode.swift; path = "CGSize+Initializers.swift"; sourceTree = "<group>"; };
		OBJ_190 /* CharacterExtensionsTests.swift */ = {isa = PBXFileReference; lastKnownFileType = sourcecode.swift; path = CharacterExtensionsTests.swift; sourceTree = "<group>"; };
		OBJ_191 /* CollectionExtensionsTests.swift */ = {isa = PBXFileReference; lastKnownFileType = sourcecode.swift; path = CollectionExtensionsTests.swift; sourceTree = "<group>"; };
		OBJ_192 /* ComparableExtensionsTests.swift */ = {isa = PBXFileReference; lastKnownFileType = sourcecode.swift; path = ComparableExtensionsTests.swift; sourceTree = "<group>"; };
		OBJ_193 /* DictionaryExtensionsTests.swift */ = {isa = PBXFileReference; lastKnownFileType = sourcecode.swift; path = DictionaryExtensionsTests.swift; sourceTree = "<group>"; };
		OBJ_194 /* DoubleExtensionsTests.swift */ = {isa = PBXFileReference; lastKnownFileType = sourcecode.swift; path = DoubleExtensionsTests.swift; sourceTree = "<group>"; };
		OBJ_195 /* FloatExtensionsTests.swift */ = {isa = PBXFileReference; lastKnownFileType = sourcecode.swift; path = FloatExtensionsTests.swift; sourceTree = "<group>"; };
		OBJ_196 /* FloatingPointExtensionsTests.swift */ = {isa = PBXFileReference; lastKnownFileType = sourcecode.swift; path = FloatingPointExtensionsTests.swift; sourceTree = "<group>"; };
		OBJ_197 /* IntExtensionsTests.swift */ = {isa = PBXFileReference; lastKnownFileType = sourcecode.swift; path = IntExtensionsTests.swift; sourceTree = "<group>"; };
		OBJ_198 /* KeyPathValuePairAssignableTests.swift */ = {isa = PBXFileReference; lastKnownFileType = sourcecode.swift; path = KeyPathValuePairAssignableTests.swift; sourceTree = "<group>"; };
		OBJ_199 /* OptionalExtensionsTests.swift */ = {isa = PBXFileReference; lastKnownFileType = sourcecode.swift; path = OptionalExtensionsTests.swift; sourceTree = "<group>"; };
		OBJ_200 /* RandomAccessCollectionExtensionsTests.swift */ = {isa = PBXFileReference; lastKnownFileType = sourcecode.swift; path = RandomAccessCollectionExtensionsTests.swift; sourceTree = "<group>"; };
		OBJ_201 /* RangeReplaceableCollectionTests.swift */ = {isa = PBXFileReference; lastKnownFileType = sourcecode.swift; path = RangeReplaceableCollectionTests.swift; sourceTree = "<group>"; };
		OBJ_202 /* SequenceExtensionsTests.swift */ = {isa = PBXFileReference; lastKnownFileType = sourcecode.swift; path = SequenceExtensionsTests.swift; sourceTree = "<group>"; };
		OBJ_203 /* SignedIntegerExtensionsTests.swift */ = {isa = PBXFileReference; lastKnownFileType = sourcecode.swift; path = SignedIntegerExtensionsTests.swift; sourceTree = "<group>"; };
		OBJ_204 /* SignedNumericExtensionsTests.swift */ = {isa = PBXFileReference; lastKnownFileType = sourcecode.swift; path = SignedNumericExtensionsTests.swift; sourceTree = "<group>"; };
		OBJ_205 /* StringExtensionsTests.swift */ = {isa = PBXFileReference; lastKnownFileType = sourcecode.swift; path = StringExtensionsTests.swift; sourceTree = "<group>"; };
		OBJ_206 /* StringProtocolExtensionsTests.swift */ = {isa = PBXFileReference; lastKnownFileType = sourcecode.swift; path = StringProtocolExtensionsTests.swift; sourceTree = "<group>"; };
		OBJ_207 /* bin */ = {isa = PBXFileReference; lastKnownFileType = folder; path = bin; sourceTree = SOURCE_ROOT; };
		OBJ_208 /* Example */ = {isa = PBXFileReference; lastKnownFileType = folder; path = Example; sourceTree = SOURCE_ROOT; };
		OBJ_21 /* CGRect+Framed.swift */ = {isa = PBXFileReference; lastKnownFileType = sourcecode.swift; path = "CGRect+Framed.swift"; sourceTree = "<group>"; };
		OBJ_211 /* Package.swift */ = {isa = PBXFileReference; explicitFileType = sourcecode.swift; name = Package.swift; path = "/Users/brianstrobach/Appsaurus/Company/Projects/OpenSource/Swift/Swiftest/.build/checkouts/SwiftTestUtils-1361921547861487509/Package.swift"; sourceTree = "<group>"; };
		OBJ_212 /* BaseTestCase.swift */ = {isa = PBXFileReference; lastKnownFileType = sourcecode.swift; path = BaseTestCase.swift; sourceTree = "<group>"; };
		OBJ_213 /* LinuxTestable.swift */ = {isa = PBXFileReference; lastKnownFileType = sourcecode.swift; path = LinuxTestable.swift; sourceTree = "<group>"; };
		OBJ_214 /* XCAssertions.swift */ = {isa = PBXFileReference; lastKnownFileType = sourcecode.swift; path = XCAssertions.swift; sourceTree = "<group>"; };
		OBJ_22 /* CGSize+Sized.swift */ = {isa = PBXFileReference; lastKnownFileType = sourcecode.swift; path = "CGSize+Sized.swift"; sourceTree = "<group>"; };
		OBJ_23 /* Framed.swift */ = {isa = PBXFileReference; lastKnownFileType = sourcecode.swift; path = Framed.swift; sourceTree = "<group>"; };
		OBJ_24 /* Sized.swift */ = {isa = PBXFileReference; lastKnownFileType = sourcecode.swift; path = Sized.swift; sourceTree = "<group>"; };
		OBJ_26 /* ClassNameReflectable.swift */ = {isa = PBXFileReference; lastKnownFileType = sourcecode.swift; path = ClassNameReflectable.swift; sourceTree = "<group>"; };
		OBJ_29 /* NSAttributedString+.swift */ = {isa = PBXFileReference; lastKnownFileType = sourcecode.swift; path = "NSAttributedString+.swift"; sourceTree = "<group>"; };
		OBJ_30 /* NSMutableAttributedString+.swift */ = {isa = PBXFileReference; lastKnownFileType = sourcecode.swift; path = "NSMutableAttributedString+.swift"; sourceTree = "<group>"; };
		OBJ_31 /* Calendar+NumberOfDaysInMonth.swift */ = {isa = PBXFileReference; lastKnownFileType = sourcecode.swift; path = "Calendar+NumberOfDaysInMonth.swift"; sourceTree = "<group>"; };
		OBJ_32 /* CharacterSet+.swift */ = {isa = PBXFileReference; lastKnownFileType = sourcecode.swift; path = "CharacterSet+.swift"; sourceTree = "<group>"; };
		OBJ_34 /* BidirectionalCollection+MatrixIndexPathLookup.swift */ = {isa = PBXFileReference; lastKnownFileType = sourcecode.swift; path = "BidirectionalCollection+MatrixIndexPathLookup.swift"; sourceTree = "<group>"; };
		OBJ_35 /* Collection+ParallelIteration.swift */ = {isa = PBXFileReference; lastKnownFileType = sourcecode.swift; path = "Collection+ParallelIteration.swift"; sourceTree = "<group>"; };
		OBJ_36 /* Data+.swift */ = {isa = PBXFileReference; lastKnownFileType = sourcecode.swift; path = "Data+.swift"; sourceTree = "<group>"; };
		OBJ_37 /* Date+.swift */ = {isa = PBXFileReference; lastKnownFileType = sourcecode.swift; path = "Date+.swift"; sourceTree = "<group>"; };
		OBJ_39 /* DispatchQueue+Safe.swift */ = {isa = PBXFileReference; lastKnownFileType = sourcecode.swift; path = "DispatchQueue+Safe.swift"; sourceTree = "<group>"; };
		OBJ_40 /* Error+NetworkChecks.swift */ = {isa = PBXFileReference; lastKnownFileType = sourcecode.swift; path = "Error+NetworkChecks.swift"; sourceTree = "<group>"; };
		OBJ_41 /* FileManager+.swift */ = {isa = PBXFileReference; lastKnownFileType = sourcecode.swift; path = "FileManager+.swift"; sourceTree = "<group>"; };
		OBJ_42 /* Locale+.swift */ = {isa = PBXFileReference; lastKnownFileType = sourcecode.swift; path = "Locale+.swift"; sourceTree = "<group>"; };
		OBJ_43 /* NSPredicate+.swift */ = {isa = PBXFileReference; lastKnownFileType = sourcecode.swift; path = "NSPredicate+.swift"; sourceTree = "<group>"; };
		OBJ_44 /* NotificationCenter+.swift */ = {isa = PBXFileReference; lastKnownFileType = sourcecode.swift; path = "NotificationCenter+.swift"; sourceTree = "<group>"; };
		OBJ_46 /* String+Aggregate.swift */ = {isa = PBXFileReference; lastKnownFileType = sourcecode.swift; path = "String+Aggregate.swift"; sourceTree = "<group>"; };
		OBJ_47 /* String+Base64.swift */ = {isa = PBXFileReference; lastKnownFileType = sourcecode.swift; path = "String+Base64.swift"; sourceTree = "<group>"; };
		OBJ_48 /* String+Cleaning.swift */ = {isa = PBXFileReference; lastKnownFileType = sourcecode.swift; path = "String+Cleaning.swift"; sourceTree = "<group>"; };
		OBJ_49 /* String+ContentParsing.swift */ = {isa = PBXFileReference; lastKnownFileType = sourcecode.swift; path = "String+ContentParsing.swift"; sourceTree = "<group>"; };
		OBJ_50 /* String+Date.swift */ = {isa = PBXFileReference; lastKnownFileType = sourcecode.swift; path = "String+Date.swift"; sourceTree = "<group>"; };
		OBJ_51 /* String+Foundation+ContentAnalysis.swift */ = {isa = PBXFileReference; lastKnownFileType = sourcecode.swift; path = "String+Foundation+ContentAnalysis.swift"; sourceTree = "<group>"; };
		OBJ_52 /* String+FullRange.swift */ = {isa = PBXFileReference; lastKnownFileType = sourcecode.swift; path = "String+FullRange.swift"; sourceTree = "<group>"; };
		OBJ_53 /* String+Localized.swift */ = {isa = PBXFileReference; lastKnownFileType = sourcecode.swift; path = "String+Localized.swift"; sourceTree = "<group>"; };
		OBJ_54 /* String+PathComponents.swift */ = {isa = PBXFileReference; lastKnownFileType = sourcecode.swift; path = "String+PathComponents.swift"; sourceTree = "<group>"; };
		OBJ_55 /* String+URL.swift */ = {isa = PBXFileReference; lastKnownFileType = sourcecode.swift; path = "String+URL.swift"; sourceTree = "<group>"; };
		OBJ_57 /* URL+.swift */ = {isa = PBXFileReference; lastKnownFileType = sourcecode.swift; path = "URL+.swift"; sourceTree = "<group>"; };
		OBJ_58 /* URL+ExpressibleByStringLiteral.swift */ = {isa = PBXFileReference; lastKnownFileType = sourcecode.swift; path = "URL+ExpressibleByStringLiteral.swift"; sourceTree = "<group>"; };
		OBJ_59 /* URLRequest+.swift */ = {isa = PBXFileReference; lastKnownFileType = sourcecode.swift; path = "URLRequest+.swift"; sourceTree = "<group>"; };
		OBJ_6 /* Package.swift */ = {isa = PBXFileReference; explicitFileType = sourcecode.swift; path = Package.swift; sourceTree = "<group>"; };
		OBJ_60 /* UserDefaults+.swift */ = {isa = PBXFileReference; lastKnownFileType = sourcecode.swift; path = "UserDefaults+.swift"; sourceTree = "<group>"; };
		OBJ_61 /* KeyValueReadable.swift */ = {isa = PBXFileReference; lastKnownFileType = sourcecode.swift; path = KeyValueReadable.swift; sourceTree = "<group>"; };
		OBJ_62 /* PropertyReflectable.swift */ = {isa = PBXFileReference; lastKnownFileType = sourcecode.swift; path = PropertyReflectable.swift; sourceTree = "<group>"; };
		OBJ_65 /* BoolConvertible.swift */ = {isa = PBXFileReference; lastKnownFileType = sourcecode.swift; path = BoolConvertible.swift; sourceTree = "<group>"; };
		OBJ_66 /* CGFloatConvertible.swift */ = {isa = PBXFileReference; lastKnownFileType = sourcecode.swift; path = CGFloatConvertible.swift; sourceTree = "<group>"; };
		OBJ_67 /* DoubleConvertible.swift */ = {isa = PBXFileReference; lastKnownFileType = sourcecode.swift; path = DoubleConvertible.swift; sourceTree = "<group>"; };
		OBJ_68 /* FloatConvertible.swift */ = {isa = PBXFileReference; lastKnownFileType = sourcecode.swift; path = FloatConvertible.swift; sourceTree = "<group>"; };
		OBJ_69 /* IntConvertible.swift */ = {isa = PBXFileReference; lastKnownFileType = sourcecode.swift; path = IntConvertible.swift; sourceTree = "<group>"; };
		OBJ_70 /* RangeConvertible.swift */ = {isa = PBXFileReference; lastKnownFileType = sourcecode.swift; path = RangeConvertible.swift; sourceTree = "<group>"; };
		OBJ_71 /* StringConvertible.swift */ = {isa = PBXFileReference; lastKnownFileType = sourcecode.swift; path = StringConvertible.swift; sourceTree = "<group>"; };
		OBJ_73 /* DefaultMutable.swift */ = {isa = PBXFileReference; lastKnownFileType = sourcecode.swift; path = DefaultMutable.swift; sourceTree = "<group>"; };
		OBJ_74 /* Defaultable.swift */ = {isa = PBXFileReference; lastKnownFileType = sourcecode.swift; path = Defaultable.swift; sourceTree = "<group>"; };
		OBJ_75 /* EmptyInitializable.swift */ = {isa = PBXFileReference; lastKnownFileType = sourcecode.swift; path = EmptyInitializable.swift; sourceTree = "<group>"; };
		OBJ_76 /* Mockable.swift */ = {isa = PBXFileReference; lastKnownFileType = sourcecode.swift; path = Mockable.swift; sourceTree = "<group>"; };
		OBJ_77 /* ObjectDisplayable.swift */ = {isa = PBXFileReference; lastKnownFileType = sourcecode.swift; path = ObjectDisplayable.swift; sourceTree = "<group>"; };
		OBJ_78 /* OptionalProtocol.swift */ = {isa = PBXFileReference; lastKnownFileType = sourcecode.swift; path = OptionalProtocol.swift; sourceTree = "<group>"; };
		OBJ_79 /* RangeRandomizable.swift */ = {isa = PBXFileReference; lastKnownFileType = sourcecode.swift; path = RangeRandomizable.swift; sourceTree = "<group>"; };
		OBJ_80 /* Then.swift */ = {isa = PBXFileReference; lastKnownFileType = sourcecode.swift; path = Then.swift; sourceTree = "<group>"; };
		OBJ_82 /* CALayer+.swift */ = {isa = PBXFileReference; lastKnownFileType = sourcecode.swift; path = "CALayer+.swift"; sourceTree = "<group>"; };
		OBJ_85 /* BinaryFloatingPoint+Rounding.swift */ = {isa = PBXFileReference; lastKnownFileType = sourcecode.swift; path = "BinaryFloatingPoint+Rounding.swift"; sourceTree = "<group>"; };
		OBJ_86 /* Character+.swift */ = {isa = PBXFileReference; lastKnownFileType = sourcecode.swift; path = "Character+.swift"; sourceTree = "<group>"; };
		OBJ_88 /* Collection+.swift */ = {isa = PBXFileReference; lastKnownFileType = sourcecode.swift; path = "Collection+.swift"; sourceTree = "<group>"; };
		OBJ_89 /* Collection+Filtering.swift */ = {isa = PBXFileReference; lastKnownFileType = sourcecode.swift; path = "Collection+Filtering.swift"; sourceTree = "<group>"; };
		OBJ_90 /* Collection+Indices.swift */ = {isa = PBXFileReference; lastKnownFileType = sourcecode.swift; path = "Collection+Indices.swift"; sourceTree = "<group>"; };
		OBJ_91 /* Collection+Lookup.swift */ = {isa = PBXFileReference; lastKnownFileType = sourcecode.swift; path = "Collection+Lookup.swift"; sourceTree = "<group>"; };
		OBJ_92 /* Collection+Matrix.swift */ = {isa = PBXFileReference; lastKnownFileType = sourcecode.swift; path = "Collection+Matrix.swift"; sourceTree = "<group>"; };
		OBJ_93 /* Collection+Partitioning.swift */ = {isa = PBXFileReference; lastKnownFileType = sourcecode.swift; path = "Collection+Partitioning.swift"; sourceTree = "<group>"; };
		OBJ_94 /* Collection+ReverseLookup.swift */ = {isa = PBXFileReference; lastKnownFileType = sourcecode.swift; path = "Collection+ReverseLookup.swift"; sourceTree = "<group>"; };
		OBJ_95 /* RangeReplaceableCollection+Affix.swift */ = {isa = PBXFileReference; lastKnownFileType = sourcecode.swift; path = "RangeReplaceableCollection+Affix.swift"; sourceTree = "<group>"; };
		OBJ_96 /* RangeReplaceableCollection+Deduplication.swift */ = {isa = PBXFileReference; lastKnownFileType = sourcecode.swift; path = "RangeReplaceableCollection+Deduplication.swift"; sourceTree = "<group>"; };
		OBJ_97 /* RangeReplaceableCollection+Queue.swift */ = {isa = PBXFileReference; lastKnownFileType = sourcecode.swift; path = "RangeReplaceableCollection+Queue.swift"; sourceTree = "<group>"; };
		OBJ_98 /* RangeReplaceableCollection+RemovingInstances.swift */ = {isa = PBXFileReference; lastKnownFileType = sourcecode.swift; path = "RangeReplaceableCollection+RemovingInstances.swift"; sourceTree = "<group>"; };
		OBJ_99 /* RangeReplaceableCollection+Repeat.swift */ = {isa = PBXFileReference; lastKnownFileType = sourcecode.swift; path = "RangeReplaceableCollection+Repeat.swift"; sourceTree = "<group>"; };
		"SwiftTestUtils::SwiftTestUtils::Product" /* SwiftTestUtils.framework */ = {isa = PBXFileReference; lastKnownFileType = wrapper.framework; path = SwiftTestUtils.framework; sourceTree = BUILT_PRODUCTS_DIR; };
		"Swiftest::Swiftest::Product" /* Swiftest.framework */ = {isa = PBXFileReference; lastKnownFileType = wrapper.framework; path = Swiftest.framework; sourceTree = BUILT_PRODUCTS_DIR; };
		"Swiftest::SwiftestTests::Product" /* SwiftestTests.xctest */ = {isa = PBXFileReference; lastKnownFileType = file; path = SwiftestTests.xctest; sourceTree = BUILT_PRODUCTS_DIR; };
/* End PBXFileReference section */

/* Begin PBXFrameworksBuildPhase section */
		OBJ_227 /* Frameworks */ = {
			isa = PBXFrameworksBuildPhase;
			buildActionMask = 0;
			files = (
			);
			runOnlyForDeploymentPostprocessing = 0;
		};
		OBJ_372 /* Frameworks */ = {
			isa = PBXFrameworksBuildPhase;
			buildActionMask = 0;
			files = (
			);
			runOnlyForDeploymentPostprocessing = 0;
		};
		OBJ_419 /* Frameworks */ = {
			isa = PBXFrameworksBuildPhase;
			buildActionMask = 0;
			files = (
				OBJ_420 /* SwiftTestUtils.framework in Frameworks */,
				OBJ_421 /* Swiftest.framework in Frameworks */,
			);
			runOnlyForDeploymentPostprocessing = 0;
		};
/* End PBXFrameworksBuildPhase section */

/* Begin PBXGroup section */
		E4408C3F2278B3000076CD8A /* Resources */ = {
			isa = PBXGroup;
			children = (
				E4408C452278B4A00076CD8A /* test.json */,
			);
			path = Resources;
			sourceTree = "<group>";
		};
		OBJ_102 /* Comparable */ = {
			isa = PBXGroup;
			children = (
				OBJ_103 /* Comparable+Clamped.swift */,
				OBJ_104 /* Comparable+Optionals.swift */,
				OBJ_105 /* Comparable+Range.swift */,
			);
			path = Comparable;
			sourceTree = "<group>";
		};
		OBJ_106 /* Dictionary */ = {
			isa = PBXGroup;
			children = (
				OBJ_107 /* Dictionary+.swift */,
				OBJ_108 /* Dictionary+Arithmetic.swift */,
				OBJ_109 /* Dictionary+Merging.swift */,
			);
			path = Dictionary;
			sourceTree = "<group>";
		};
		OBJ_112 /* Int */ = {
			isa = PBXGroup;
			children = (
				OBJ_113 /* Int+.swift */,
				OBJ_114 /* Int+Loop.swift */,
			);
			path = Int;
			sourceTree = "<group>";
		};
		OBJ_115 /* Optional */ = {
			isa = PBXGroup;
			children = (
				OBJ_116 /* Optional+.swift */,
				OBJ_117 /* Optional+EmptyCollections.swift */,
			);
			path = Optional;
			sourceTree = "<group>";
		};
		OBJ_118 /* Sequence */ = {
			isa = PBXGroup;
			children = (
				OBJ_119 /* Sequence+Aggregate.swift */,
				OBJ_120 /* Sequence+BooleanTests.swift */,
				OBJ_121 /* Sequence+Grouping.swift */,
				OBJ_122 /* Sequence+Indexing.swift */,
				OBJ_123 /* Sequence+Iterating.swift */,
				OBJ_124 /* Sequence+KeyPathSorting.swift */,
				OBJ_125 /* Sequence+KeyPathValues.swift */,
				OBJ_126 /* Sequence+Search.swift */,
				OBJ_127 /* Sequence+Transformed.swift */,
			);
			path = Sequence;
			sourceTree = "<group>";
		};
		OBJ_131 /* String */ = {
			isa = PBXGroup;
			children = (
				OBJ_132 /* String+.swift */,
				OBJ_133 /* String+Affix.swift */,
				OBJ_134 /* String+BooleanTests.swift */,
				OBJ_135 /* String+Case.swift */,
				OBJ_136 /* String+Characters.swift */,
				OBJ_137 /* String+Repeat.swift */,
				OBJ_138 /* String+SafeLookup.swift */,
				OBJ_139 /* String+Slicing.swift */,
				OBJ_140 /* String+Transformations.swift */,
				OBJ_141 /* String+Truncating.swift */,
			);
			path = String;
			sourceTree = "<group>";
		};
		OBJ_143 /* KeyPaths */ = {
			isa = PBXGroup;
			children = (
				OBJ_144 /* KeyPathFilter.swift */,
				OBJ_145 /* KeyPathValuePair */,
			);
			path = KeyPaths;
			sourceTree = "<group>";
		};
		OBJ_145 /* KeyPathValuePair */ = {
			isa = PBXGroup;
			children = (
				OBJ_146 /* KeyPathBuildable.swift */,
				OBJ_147 /* KeyPathValueMapOperator.swift */,
				OBJ_148 /* KeyPathValuePair.swift */,
				OBJ_149 /* KeyPathValuePairAssignable.swift */,
				OBJ_150 /* KeyPathValuePairInitializable.swift */,
			);
			path = KeyPathValuePair;
			sourceTree = "<group>";
		};
		OBJ_15 /* CoreGraphics */ = {
			isa = PBXGroup;
			children = (
				OBJ_16 /* CGPoint+Arithmetic.swift */,
				OBJ_17 /* CGRect+Initializers.swift */,
				OBJ_18 /* CGSize+Arithmetic.swift */,
				OBJ_19 /* CGSize+Initializers.swift */,
				OBJ_20 /* Protocols */,
			);
			path = CoreGraphics;
			sourceTree = "<group>";
		};
		OBJ_151 /* Operators */ = {
			isa = PBXGroup;
			children = (
				OBJ_152 /* ArithmeticOperators */,
				OBJ_156 /* FunctionChainOperator.swift */,
				OBJ_157 /* MapOperator */,
				OBJ_159 /* OptionalAssignmentOperators.swift */,
				OBJ_160 /* TransformOperator */,
			);
			path = Operators;
			sourceTree = "<group>";
		};
		OBJ_152 /* ArithmeticOperators */ = {
			isa = PBXGroup;
			children = (
				OBJ_153 /* ExponentiationOperator.swift */,
				OBJ_154 /* PlusMinusOperator.swift */,
				OBJ_155 /* SquareRootOperator.swift */,
			);
			path = ArithmeticOperators;
			sourceTree = "<group>";
		};
		OBJ_157 /* MapOperator */ = {
			isa = PBXGroup;
			children = (
				OBJ_158 /* MapOperator.swift */,
			);
			path = MapOperator;
			sourceTree = "<group>";
		};
		OBJ_160 /* TransformOperator */ = {
			isa = PBXGroup;
			children = (
				OBJ_161 /* TransformErrorOperator.swift */,
				OBJ_162 /* TransformKeyPathToFunctionOperator.swift */,
			);
			path = TransformOperator;
			sourceTree = "<group>";
		};
		OBJ_163 /* Types */ = {
			isa = PBXGroup;
			children = (
				OBJ_164 /* Pairs.swift */,
				OBJ_165 /* Typealiases.swift */,
			);
			path = Types;
			sourceTree = "<group>";
		};
		OBJ_166 /* Utils */ = {
			isa = PBXGroup;
			children = (
				OBJ_167 /* DebugUtils.swift */,
				OBJ_168 /* GlobalFunctions.swift */,
				OBJ_169 /* Logger.swift */,
				OBJ_170 /* ReadWriteLock.swift */,
				OBJ_171 /* StringUtils.swift */,
				OBJ_172 /* ThreadingUtils.swift */,
			);
			path = Utils;
			sourceTree = "<group>";
		};
		OBJ_173 /* Tests */ = {
			isa = PBXGroup;
			children = (
				OBJ_174 /* SwiftestTests */,
			);
			name = Tests;
			sourceTree = SOURCE_ROOT;
		};
		OBJ_174 /* SwiftestTests */ = {
			isa = PBXGroup;
			children = (
				E4408C3F2278B3000076CD8A /* Resources */,
				OBJ_175 /* FoundationTests */,
				OBJ_185 /* SwiftStdlibTests */,
			);
			name = SwiftestTests;
			path = Tests/SwiftestTests;
			sourceTree = SOURCE_ROOT;
		};
		OBJ_175 /* FoundationTests */ = {
			isa = PBXGroup;
			children = (
				OBJ_176 /* CalendarExtensionTest.swift */,
				OBJ_177 /* DataExtensionsTests.swift */,
				OBJ_178 /* DateExtensionsTests.swift */,
				OBJ_179 /* FileManagerExtensionsTests.swift */,
				OBJ_180 /* LocaleExtensionsTests.swift */,
				OBJ_181 /* NSPredicateExtensionsTests.swift */,
				OBJ_182 /* URLExtensionsTests.swift */,
				OBJ_183 /* URLRequestExtensionsTests.swift */,
				OBJ_184 /* UserDefaultsExtensionsTests.swift */,
			);
			path = FoundationTests;
			sourceTree = "<group>";
		};
		OBJ_185 /* SwiftStdlibTests */ = {
			isa = PBXGroup;
			children = (
				OBJ_186 /* ArrayExtensionsTests.swift */,
				OBJ_187 /* BidirectionalCollectionExtensionsTests.swift */,
				OBJ_188 /* BinaryFloatingPointExtensionsTests.swift */,
				OBJ_189 /* BoolExtensionsTests.swift */,
				OBJ_190 /* CharacterExtensionsTests.swift */,
				OBJ_191 /* CollectionExtensionsTests.swift */,
				OBJ_192 /* ComparableExtensionsTests.swift */,
				OBJ_193 /* DictionaryExtensionsTests.swift */,
				OBJ_194 /* DoubleExtensionsTests.swift */,
				OBJ_195 /* FloatExtensionsTests.swift */,
				OBJ_196 /* FloatingPointExtensionsTests.swift */,
				OBJ_197 /* IntExtensionsTests.swift */,
				OBJ_198 /* KeyPathValuePairAssignableTests.swift */,
				OBJ_199 /* OptionalExtensionsTests.swift */,
				OBJ_200 /* RandomAccessCollectionExtensionsTests.swift */,
				OBJ_201 /* RangeReplaceableCollectionTests.swift */,
				OBJ_202 /* SequenceExtensionsTests.swift */,
				OBJ_203 /* SignedIntegerExtensionsTests.swift */,
				OBJ_204 /* SignedNumericExtensionsTests.swift */,
				OBJ_205 /* StringExtensionsTests.swift */,
				OBJ_206 /* StringProtocolExtensionsTests.swift */,
			);
			path = SwiftStdlibTests;
			sourceTree = "<group>";
		};
		OBJ_20 /* Protocols */ = {
			isa = PBXGroup;
			children = (
				OBJ_21 /* CGRect+Framed.swift */,
				OBJ_22 /* CGSize+Sized.swift */,
				OBJ_23 /* Framed.swift */,
				OBJ_24 /* Sized.swift */,
			);
			path = Protocols;
			sourceTree = "<group>";
		};
		OBJ_209 /* Dependencies */ = {
			isa = PBXGroup;
			children = (
				OBJ_210 /* SwiftTestUtils 1.0.1 */,
			);
			name = Dependencies;
			sourceTree = "<group>";
		};
		OBJ_210 /* SwiftTestUtils 1.0.1 */ = {
			isa = PBXGroup;
			children = (
				OBJ_211 /* Package.swift */,
				OBJ_212 /* BaseTestCase.swift */,
				OBJ_213 /* LinuxTestable.swift */,
				OBJ_214 /* XCAssertions.swift */,
			);
			name = "SwiftTestUtils 1.0.1";
			path = ".build/checkouts/SwiftTestUtils-1361921547861487509/Sources/Shared";
			sourceTree = SOURCE_ROOT;
		};
		OBJ_215 /* Products */ = {
			isa = PBXGroup;
			children = (
				"SwiftTestUtils::SwiftTestUtils::Product" /* SwiftTestUtils.framework */,
				"Swiftest::SwiftestTests::Product" /* SwiftestTests.xctest */,
				"Swiftest::Swiftest::Product" /* Swiftest.framework */,
			);
			name = Products;
			sourceTree = BUILT_PRODUCTS_DIR;
		};
		OBJ_25 /* Foundation */ = {
			isa = PBXGroup;
			children = (
				OBJ_26 /* ClassNameReflectable.swift */,
				OBJ_27 /* Extensions */,
				OBJ_61 /* KeyValueReadable.swift */,
				OBJ_62 /* PropertyReflectable.swift */,
			);
			path = Foundation;
			sourceTree = "<group>";
		};
		OBJ_27 /* Extensions */ = {
			isa = PBXGroup;
			children = (
				OBJ_28 /* AttributedString */,
				OBJ_31 /* Calendar+NumberOfDaysInMonth.swift */,
				OBJ_32 /* CharacterSet+.swift */,
				OBJ_33 /* Collection */,
				OBJ_36 /* Data+.swift */,
				OBJ_37 /* Date+.swift */,
				OBJ_38 /* Dispatch */,
				OBJ_40 /* Error+NetworkChecks.swift */,
				OBJ_41 /* FileManager+.swift */,
				OBJ_42 /* Locale+.swift */,
				OBJ_43 /* NSPredicate+.swift */,
				OBJ_44 /* NotificationCenter+.swift */,
				OBJ_45 /* String */,
				OBJ_56 /* URL */,
				OBJ_60 /* UserDefaults+.swift */,
			);
			path = Extensions;
			sourceTree = "<group>";
		};
		OBJ_28 /* AttributedString */ = {
			isa = PBXGroup;
			children = (
				OBJ_29 /* NSAttributedString+.swift */,
				OBJ_30 /* NSMutableAttributedString+.swift */,
			);
			path = AttributedString;
			sourceTree = "<group>";
		};
		OBJ_33 /* Collection */ = {
			isa = PBXGroup;
			children = (
				OBJ_34 /* BidirectionalCollection+MatrixIndexPathLookup.swift */,
				OBJ_35 /* Collection+ParallelIteration.swift */,
			);
			path = Collection;
			sourceTree = "<group>";
		};
		OBJ_38 /* Dispatch */ = {
			isa = PBXGroup;
			children = (
				OBJ_39 /* DispatchQueue+Safe.swift */,
			);
			path = Dispatch;
			sourceTree = "<group>";
		};
		OBJ_45 /* String */ = {
			isa = PBXGroup;
			children = (
				OBJ_46 /* String+Aggregate.swift */,
				OBJ_47 /* String+Base64.swift */,
				OBJ_48 /* String+Cleaning.swift */,
				OBJ_49 /* String+ContentParsing.swift */,
				OBJ_50 /* String+Date.swift */,
				OBJ_51 /* String+Foundation+ContentAnalysis.swift */,
				OBJ_52 /* String+FullRange.swift */,
				OBJ_53 /* String+Localized.swift */,
				OBJ_54 /* String+PathComponents.swift */,
				OBJ_55 /* String+URL.swift */,
			);
			path = String;
			sourceTree = "<group>";
		};
		OBJ_5 = {
			isa = PBXGroup;
			children = (
				E4408C482278CD550076CD8A /* run_tests.sh */,
				OBJ_6 /* Package.swift */,
				OBJ_7 /* Sources */,
				OBJ_173 /* Tests */,
				OBJ_207 /* bin */,
				OBJ_208 /* Example */,
				OBJ_209 /* Dependencies */,
				OBJ_215 /* Products */,
			);
			sourceTree = "<group>";
		};
		OBJ_56 /* URL */ = {
			isa = PBXGroup;
			children = (
				OBJ_57 /* URL+.swift */,
				OBJ_58 /* URL+ExpressibleByStringLiteral.swift */,
				OBJ_59 /* URLRequest+.swift */,
			);
			path = URL;
			sourceTree = "<group>";
		};
		OBJ_63 /* Protocols */ = {
			isa = PBXGroup;
			children = (
				OBJ_64 /* Conversions */,
				OBJ_72 /* Initialization */,
				OBJ_76 /* Mockable.swift */,
				OBJ_77 /* ObjectDisplayable.swift */,
				OBJ_78 /* OptionalProtocol.swift */,
				OBJ_79 /* RangeRandomizable.swift */,
				OBJ_80 /* Then.swift */,
				E475F61022D6D83700FE1007 /* Identifiable.swift */,
			);
			path = Protocols;
			sourceTree = "<group>";
		};
		OBJ_64 /* Conversions */ = {
			isa = PBXGroup;
			children = (
				OBJ_65 /* BoolConvertible.swift */,
				OBJ_66 /* CGFloatConvertible.swift */,
				OBJ_67 /* DoubleConvertible.swift */,
				OBJ_68 /* FloatConvertible.swift */,
				OBJ_69 /* IntConvertible.swift */,
				OBJ_70 /* RangeConvertible.swift */,
				OBJ_71 /* StringConvertible.swift */,
			);
			path = Conversions;
			sourceTree = "<group>";
		};
		OBJ_7 /* Sources */ = {
			isa = PBXGroup;
			children = (
				OBJ_8 /* Swiftest */,
			);
			name = Sources;
			sourceTree = SOURCE_ROOT;
		};
		OBJ_72 /* Initialization */ = {
			isa = PBXGroup;
			children = (
				OBJ_73 /* DefaultMutable.swift */,
				OBJ_74 /* Defaultable.swift */,
				OBJ_75 /* EmptyInitializable.swift */,
			);
			path = Initialization;
			sourceTree = "<group>";
		};
		OBJ_8 /* Swiftest */ = {
			isa = PBXGroup;
			children = (
				OBJ_9 /* Classes */,
				OBJ_15 /* CoreGraphics */,
				OBJ_25 /* Foundation */,
				OBJ_63 /* Protocols */,
				OBJ_81 /* QuartzCore */,
				OBJ_83 /* SwiftStdlib */,
				OBJ_163 /* Types */,
				OBJ_166 /* Utils */,
			);
			name = Swiftest;
			path = Sources/Swiftest;
			sourceTree = SOURCE_ROOT;
		};
		OBJ_81 /* QuartzCore */ = {
			isa = PBXGroup;
			children = (
				OBJ_82 /* CALayer+.swift */,
			);
			path = QuartzCore;
			sourceTree = "<group>";
		};
		OBJ_83 /* SwiftStdlib */ = {
			isa = PBXGroup;
			children = (
				OBJ_84 /* Extensions */,
				OBJ_143 /* KeyPaths */,
				OBJ_151 /* Operators */,
			);
			path = SwiftStdlib;
			sourceTree = "<group>";
		};
		OBJ_84 /* Extensions */ = {
			isa = PBXGroup;
			children = (
				OBJ_85 /* BinaryFloatingPoint+Rounding.swift */,
				OBJ_86 /* Character+.swift */,
				OBJ_87 /* Collection */,
				OBJ_102 /* Comparable */,
				OBJ_106 /* Dictionary */,
				OBJ_110 /* Equatable+.swift */,
				OBJ_111 /* FloatingPoint+.swift */,
				OBJ_112 /* Int */,
				OBJ_115 /* Optional */,
				OBJ_118 /* Sequence */,
				OBJ_128 /* Set+ContentAnalysis.swift */,
				OBJ_129 /* SignedInteger+.swift */,
				OBJ_130 /* SignedNumeric+.swift */,
				OBJ_131 /* String */,
				OBJ_142 /* StringProtocol+LongestCommonSuffix.swift */,
			);
			path = Extensions;
			sourceTree = "<group>";
		};
		OBJ_87 /* Collection */ = {
			isa = PBXGroup;
			children = (
				OBJ_88 /* Collection+.swift */,
				OBJ_89 /* Collection+Filtering.swift */,
				OBJ_90 /* Collection+Indices.swift */,
				OBJ_91 /* Collection+Lookup.swift */,
				OBJ_92 /* Collection+Matrix.swift */,
				OBJ_93 /* Collection+Partitioning.swift */,
				OBJ_94 /* Collection+ReverseLookup.swift */,
				OBJ_95 /* RangeReplaceableCollection+Affix.swift */,
				OBJ_96 /* RangeReplaceableCollection+Deduplication.swift */,
				OBJ_97 /* RangeReplaceableCollection+Queue.swift */,
				OBJ_98 /* RangeReplaceableCollection+RemovingInstances.swift */,
				OBJ_99 /* RangeReplaceableCollection+Repeat.swift */,
				OBJ_100 /* RangeReplaceableCollection+Rotate.swift */,
				OBJ_101 /* RangeReplaceableCollection+Stack.swift */,
			);
			path = Collection;
			sourceTree = "<group>";
		};
		OBJ_9 /* Classes */ = {
			isa = PBXGroup;
			children = (
				OBJ_10 /* Errors.swift */,
				OBJ_11 /* Event.swift */,
				OBJ_12 /* Paginator.swift */,
				OBJ_13 /* Poller.swift */,
				OBJ_14 /* WeakReference.swift */,
			);
			path = Classes;
			sourceTree = "<group>";
		};
/* End PBXGroup section */

/* Begin PBXNativeTarget section */
		"SwiftTestUtils::SwiftPMPackageDescription" /* SwiftTestUtilsPackageDescription */ = {
			isa = PBXNativeTarget;
			buildConfigurationList = OBJ_229 /* Build configuration list for PBXNativeTarget "SwiftTestUtilsPackageDescription" */;
			buildPhases = (
				OBJ_232 /* Sources */,
			);
			buildRules = (
			);
			dependencies = (
			);
			name = SwiftTestUtilsPackageDescription;
			productName = SwiftTestUtilsPackageDescription;
			productType = "com.apple.product-type.framework";
		};
		"SwiftTestUtils::SwiftTestUtils" /* SwiftTestUtils */ = {
			isa = PBXNativeTarget;
			buildConfigurationList = OBJ_220 /* Build configuration list for PBXNativeTarget "SwiftTestUtils" */;
			buildPhases = (
				OBJ_223 /* Sources */,
				OBJ_227 /* Frameworks */,
			);
			buildRules = (
			);
			dependencies = (
			);
			name = SwiftTestUtils;
			productName = SwiftTestUtils;
			productReference = "SwiftTestUtils::SwiftTestUtils::Product" /* SwiftTestUtils.framework */;
			productType = "com.apple.product-type.framework";
		};
		"Swiftest::SwiftPMPackageDescription" /* SwiftestPackageDescription */ = {
			isa = PBXNativeTarget;
			buildConfigurationList = OBJ_374 /* Build configuration list for PBXNativeTarget "SwiftestPackageDescription" */;
			buildPhases = (
				OBJ_377 /* Sources */,
			);
			buildRules = (
			);
			dependencies = (
			);
			name = SwiftestPackageDescription;
			productName = SwiftestPackageDescription;
			productType = "com.apple.product-type.framework";
		};
		"Swiftest::Swiftest" /* Swiftest */ = {
			isa = PBXNativeTarget;
			buildConfigurationList = OBJ_235 /* Build configuration list for PBXNativeTarget "Swiftest" */;
			buildPhases = (
				OBJ_238 /* Sources */,
				OBJ_372 /* Frameworks */,
			);
			buildRules = (
			);
			dependencies = (
			);
			name = Swiftest;
			productName = Swiftest;
			productReference = "Swiftest::Swiftest::Product" /* Swiftest.framework */;
			productType = "com.apple.product-type.framework";
		};
		"Swiftest::SwiftestTests" /* SwiftestTests */ = {
			isa = PBXNativeTarget;
			buildConfigurationList = OBJ_385 /* Build configuration list for PBXNativeTarget "SwiftestTests" */;
			buildPhases = (
				OBJ_388 /* Sources */,
				OBJ_419 /* Frameworks */,
				E4408C462278B4D10076CD8A /* Resources */,
			);
			buildRules = (
			);
			dependencies = (
				OBJ_422 /* PBXTargetDependency */,
				OBJ_423 /* PBXTargetDependency */,
			);
			name = SwiftestTests;
			productName = SwiftestTests;
			productReference = "Swiftest::SwiftestTests::Product" /* SwiftestTests.xctest */;
			productType = "com.apple.product-type.bundle.unit-test";
		};
/* End PBXNativeTarget section */

/* Begin PBXProject section */
		OBJ_1 /* Project object */ = {
			isa = PBXProject;
			attributes = {
				LastUpgradeCheck = 9999;
			};
			buildConfigurationList = OBJ_2 /* Build configuration list for PBXProject "Swiftest" */;
			compatibilityVersion = "Xcode 3.2";
			developmentRegion = English;
			hasScannedForEncodings = 0;
			knownRegions = (
				English,
				en,
			);
			mainGroup = OBJ_5;
			productRefGroup = OBJ_215 /* Products */;
			projectDirPath = "";
			projectRoot = "";
			targets = (
				"SwiftTestUtils::SwiftTestUtils" /* SwiftTestUtils */,
				"SwiftTestUtils::SwiftPMPackageDescription" /* SwiftTestUtilsPackageDescription */,
				"Swiftest::Swiftest" /* Swiftest */,
				"Swiftest::SwiftPMPackageDescription" /* SwiftestPackageDescription */,
				"Swiftest::SwiftestPackageTests::ProductTarget" /* SwiftestPackageTests */,
				"Swiftest::SwiftestTests" /* SwiftestTests */,
			);
		};
/* End PBXProject section */

/* Begin PBXResourcesBuildPhase section */
		E4408C462278B4D10076CD8A /* Resources */ = {
			isa = PBXResourcesBuildPhase;
			buildActionMask = 2147483647;
			files = (
				E4408C472278B4D90076CD8A /* test.json in Resources */,
			);
			runOnlyForDeploymentPostprocessing = 0;
		};
/* End PBXResourcesBuildPhase section */

/* Begin PBXSourcesBuildPhase section */
		OBJ_223 /* Sources */ = {
			isa = PBXSourcesBuildPhase;
			buildActionMask = 0;
			files = (
				OBJ_224 /* BaseTestCase.swift in Sources */,
				OBJ_225 /* LinuxTestable.swift in Sources */,
				OBJ_226 /* XCAssertions.swift in Sources */,
			);
			runOnlyForDeploymentPostprocessing = 0;
		};
		OBJ_232 /* Sources */ = {
			isa = PBXSourcesBuildPhase;
			buildActionMask = 0;
			files = (
				OBJ_233 /* Package.swift in Sources */,
			);
			runOnlyForDeploymentPostprocessing = 0;
		};
		OBJ_238 /* Sources */ = {
			isa = PBXSourcesBuildPhase;
			buildActionMask = 0;
			files = (
				OBJ_239 /* Errors.swift in Sources */,
				OBJ_240 /* Event.swift in Sources */,
				OBJ_241 /* Paginator.swift in Sources */,
				OBJ_242 /* Poller.swift in Sources */,
				OBJ_243 /* WeakReference.swift in Sources */,
				OBJ_244 /* CGPoint+Arithmetic.swift in Sources */,
				OBJ_245 /* CGRect+Initializers.swift in Sources */,
				OBJ_246 /* CGSize+Arithmetic.swift in Sources */,
				OBJ_247 /* CGSize+Initializers.swift in Sources */,
				OBJ_248 /* CGRect+Framed.swift in Sources */,
				OBJ_249 /* CGSize+Sized.swift in Sources */,
				OBJ_250 /* Framed.swift in Sources */,
				OBJ_251 /* Sized.swift in Sources */,
				OBJ_252 /* ClassNameReflectable.swift in Sources */,
				OBJ_253 /* NSAttributedString+.swift in Sources */,
				OBJ_254 /* NSMutableAttributedString+.swift in Sources */,
				OBJ_255 /* Calendar+NumberOfDaysInMonth.swift in Sources */,
				OBJ_256 /* CharacterSet+.swift in Sources */,
				OBJ_257 /* BidirectionalCollection+MatrixIndexPathLookup.swift in Sources */,
				OBJ_258 /* Collection+ParallelIteration.swift in Sources */,
				OBJ_259 /* Data+.swift in Sources */,
				OBJ_260 /* Date+.swift in Sources */,
				OBJ_261 /* DispatchQueue+Safe.swift in Sources */,
				OBJ_262 /* Error+NetworkChecks.swift in Sources */,
				OBJ_263 /* FileManager+.swift in Sources */,
				OBJ_264 /* Locale+.swift in Sources */,
				OBJ_265 /* NSPredicate+.swift in Sources */,
				OBJ_266 /* NotificationCenter+.swift in Sources */,
				OBJ_267 /* String+Aggregate.swift in Sources */,
				OBJ_268 /* String+Base64.swift in Sources */,
				OBJ_269 /* String+Cleaning.swift in Sources */,
				OBJ_270 /* String+ContentParsing.swift in Sources */,
				OBJ_271 /* String+Date.swift in Sources */,
				OBJ_272 /* String+Foundation+ContentAnalysis.swift in Sources */,
				OBJ_273 /* String+FullRange.swift in Sources */,
				OBJ_274 /* String+Localized.swift in Sources */,
				OBJ_275 /* String+PathComponents.swift in Sources */,
				OBJ_276 /* String+URL.swift in Sources */,
				OBJ_277 /* URL+.swift in Sources */,
				OBJ_278 /* URL+ExpressibleByStringLiteral.swift in Sources */,
				OBJ_279 /* URLRequest+.swift in Sources */,
				E475F61122D6D83700FE1007 /* Identifiable.swift in Sources */,
				OBJ_280 /* UserDefaults+.swift in Sources */,
				OBJ_281 /* KeyValueReadable.swift in Sources */,
				OBJ_282 /* PropertyReflectable.swift in Sources */,
				OBJ_283 /* BoolConvertible.swift in Sources */,
				OBJ_284 /* CGFloatConvertible.swift in Sources */,
				OBJ_285 /* DoubleConvertible.swift in Sources */,
				OBJ_286 /* FloatConvertible.swift in Sources */,
				OBJ_287 /* IntConvertible.swift in Sources */,
				OBJ_288 /* RangeConvertible.swift in Sources */,
				OBJ_289 /* StringConvertible.swift in Sources */,
				OBJ_290 /* DefaultMutable.swift in Sources */,
				OBJ_291 /* Defaultable.swift in Sources */,
				OBJ_292 /* EmptyInitializable.swift in Sources */,
				OBJ_293 /* Mockable.swift in Sources */,
				OBJ_294 /* ObjectDisplayable.swift in Sources */,
				OBJ_295 /* OptionalProtocol.swift in Sources */,
				OBJ_296 /* RangeRandomizable.swift in Sources */,
				OBJ_297 /* Then.swift in Sources */,
				OBJ_298 /* CALayer+.swift in Sources */,
				OBJ_299 /* BinaryFloatingPoint+Rounding.swift in Sources */,
				OBJ_300 /* Character+.swift in Sources */,
				OBJ_301 /* Collection+.swift in Sources */,
				OBJ_302 /* Collection+Filtering.swift in Sources */,
				OBJ_303 /* Collection+Indices.swift in Sources */,
				OBJ_304 /* Collection+Lookup.swift in Sources */,
				OBJ_305 /* Collection+Matrix.swift in Sources */,
				OBJ_306 /* Collection+Partitioning.swift in Sources */,
				OBJ_307 /* Collection+ReverseLookup.swift in Sources */,
				OBJ_308 /* RangeReplaceableCollection+Affix.swift in Sources */,
				OBJ_309 /* RangeReplaceableCollection+Deduplication.swift in Sources */,
				OBJ_310 /* RangeReplaceableCollection+Queue.swift in Sources */,
				OBJ_311 /* RangeReplaceableCollection+RemovingInstances.swift in Sources */,
				OBJ_312 /* RangeReplaceableCollection+Repeat.swift in Sources */,
				OBJ_313 /* RangeReplaceableCollection+Rotate.swift in Sources */,
				OBJ_314 /* RangeReplaceableCollection+Stack.swift in Sources */,
				OBJ_315 /* Comparable+Clamped.swift in Sources */,
				OBJ_316 /* Comparable+Optionals.swift in Sources */,
				OBJ_317 /* Comparable+Range.swift in Sources */,
				OBJ_318 /* Dictionary+.swift in Sources */,
				OBJ_319 /* Dictionary+Arithmetic.swift in Sources */,
				OBJ_320 /* Dictionary+Merging.swift in Sources */,
				OBJ_321 /* Equatable+.swift in Sources */,
				OBJ_322 /* FloatingPoint+.swift in Sources */,
				OBJ_323 /* Int+.swift in Sources */,
				OBJ_324 /* Int+Loop.swift in Sources */,
				OBJ_325 /* Optional+.swift in Sources */,
				OBJ_326 /* Optional+EmptyCollections.swift in Sources */,
				OBJ_327 /* Sequence+Aggregate.swift in Sources */,
				OBJ_328 /* Sequence+BooleanTests.swift in Sources */,
				OBJ_329 /* Sequence+Grouping.swift in Sources */,
				OBJ_330 /* Sequence+Indexing.swift in Sources */,
				OBJ_331 /* Sequence+Iterating.swift in Sources */,
				OBJ_332 /* Sequence+KeyPathSorting.swift in Sources */,
				OBJ_333 /* Sequence+KeyPathValues.swift in Sources */,
				OBJ_334 /* Sequence+Search.swift in Sources */,
				OBJ_335 /* Sequence+Transformed.swift in Sources */,
				OBJ_336 /* Set+ContentAnalysis.swift in Sources */,
				OBJ_337 /* SignedInteger+.swift in Sources */,
				OBJ_338 /* SignedNumeric+.swift in Sources */,
				OBJ_339 /* String+.swift in Sources */,
				OBJ_340 /* String+Affix.swift in Sources */,
				OBJ_341 /* String+BooleanTests.swift in Sources */,
				OBJ_342 /* String+Case.swift in Sources */,
				OBJ_343 /* String+Characters.swift in Sources */,
				OBJ_344 /* String+Repeat.swift in Sources */,
				OBJ_345 /* String+SafeLookup.swift in Sources */,
				OBJ_346 /* String+Slicing.swift in Sources */,
				OBJ_347 /* String+Transformations.swift in Sources */,
				OBJ_348 /* String+Truncating.swift in Sources */,
				OBJ_349 /* StringProtocol+LongestCommonSuffix.swift in Sources */,
				OBJ_350 /* KeyPathFilter.swift in Sources */,
				OBJ_351 /* KeyPathBuildable.swift in Sources */,
				OBJ_352 /* KeyPathValueMapOperator.swift in Sources */,
				OBJ_353 /* KeyPathValuePair.swift in Sources */,
				OBJ_354 /* KeyPathValuePairAssignable.swift in Sources */,
				OBJ_355 /* KeyPathValuePairInitializable.swift in Sources */,
				OBJ_356 /* ExponentiationOperator.swift in Sources */,
				OBJ_357 /* PlusMinusOperator.swift in Sources */,
				OBJ_358 /* SquareRootOperator.swift in Sources */,
				OBJ_359 /* FunctionChainOperator.swift in Sources */,
				OBJ_360 /* MapOperator.swift in Sources */,
				OBJ_361 /* OptionalAssignmentOperators.swift in Sources */,
				OBJ_362 /* TransformErrorOperator.swift in Sources */,
				OBJ_363 /* TransformKeyPathToFunctionOperator.swift in Sources */,
				OBJ_364 /* Pairs.swift in Sources */,
				OBJ_365 /* Typealiases.swift in Sources */,
				OBJ_366 /* DebugUtils.swift in Sources */,
				OBJ_367 /* GlobalFunctions.swift in Sources */,
				OBJ_368 /* Logger.swift in Sources */,
				OBJ_369 /* ReadWriteLock.swift in Sources */,
				OBJ_370 /* StringUtils.swift in Sources */,
				OBJ_371 /* ThreadingUtils.swift in Sources */,
			);
			runOnlyForDeploymentPostprocessing = 0;
		};
		OBJ_377 /* Sources */ = {
			isa = PBXSourcesBuildPhase;
			buildActionMask = 0;
			files = (
				OBJ_378 /* Package.swift in Sources */,
			);
			runOnlyForDeploymentPostprocessing = 0;
		};
		OBJ_388 /* Sources */ = {
			isa = PBXSourcesBuildPhase;
			buildActionMask = 0;
			files = (
				OBJ_389 /* CalendarExtensionTest.swift in Sources */,
				OBJ_390 /* DataExtensionsTests.swift in Sources */,
				OBJ_391 /* DateExtensionsTests.swift in Sources */,
				OBJ_392 /* FileManagerExtensionsTests.swift in Sources */,
				OBJ_393 /* LocaleExtensionsTests.swift in Sources */,
				OBJ_394 /* NSPredicateExtensionsTests.swift in Sources */,
				OBJ_395 /* URLExtensionsTests.swift in Sources */,
				OBJ_396 /* URLRequestExtensionsTests.swift in Sources */,
				OBJ_397 /* UserDefaultsExtensionsTests.swift in Sources */,
				OBJ_398 /* ArrayExtensionsTests.swift in Sources */,
				OBJ_399 /* BidirectionalCollectionExtensionsTests.swift in Sources */,
				OBJ_400 /* BinaryFloatingPointExtensionsTests.swift in Sources */,
				OBJ_401 /* BoolExtensionsTests.swift in Sources */,
				OBJ_402 /* CharacterExtensionsTests.swift in Sources */,
				OBJ_403 /* CollectionExtensionsTests.swift in Sources */,
				OBJ_404 /* ComparableExtensionsTests.swift in Sources */,
				OBJ_405 /* DictionaryExtensionsTests.swift in Sources */,
				OBJ_406 /* DoubleExtensionsTests.swift in Sources */,
				OBJ_407 /* FloatExtensionsTests.swift in Sources */,
				OBJ_408 /* FloatingPointExtensionsTests.swift in Sources */,
				OBJ_409 /* IntExtensionsTests.swift in Sources */,
				OBJ_410 /* KeyPathValuePairAssignableTests.swift in Sources */,
				OBJ_411 /* OptionalExtensionsTests.swift in Sources */,
				OBJ_412 /* RandomAccessCollectionExtensionsTests.swift in Sources */,
				OBJ_413 /* RangeReplaceableCollectionTests.swift in Sources */,
				OBJ_414 /* SequenceExtensionsTests.swift in Sources */,
				OBJ_415 /* SignedIntegerExtensionsTests.swift in Sources */,
				OBJ_416 /* SignedNumericExtensionsTests.swift in Sources */,
				OBJ_417 /* StringExtensionsTests.swift in Sources */,
				OBJ_418 /* StringProtocolExtensionsTests.swift in Sources */,
			);
			runOnlyForDeploymentPostprocessing = 0;
		};
/* End PBXSourcesBuildPhase section */

/* Begin PBXTargetDependency section */
		OBJ_383 /* PBXTargetDependency */ = {
			isa = PBXTargetDependency;
			target = "Swiftest::SwiftestTests" /* SwiftestTests */;
			targetProxy = E4408C3E2278B06B0076CD8A /* PBXContainerItemProxy */;
		};
		OBJ_422 /* PBXTargetDependency */ = {
			isa = PBXTargetDependency;
			target = "SwiftTestUtils::SwiftTestUtils" /* SwiftTestUtils */;
			targetProxy = E4408C3C2278B06A0076CD8A /* PBXContainerItemProxy */;
		};
		OBJ_423 /* PBXTargetDependency */ = {
			isa = PBXTargetDependency;
			target = "Swiftest::Swiftest" /* Swiftest */;
			targetProxy = E4408C3D2278B06A0076CD8A /* PBXContainerItemProxy */;
		};
/* End PBXTargetDependency section */

/* Begin XCBuildConfiguration section */
		OBJ_221 /* Debug */ = {
			isa = XCBuildConfiguration;
			buildSettings = {
				ENABLE_TESTABILITY = YES;
				FRAMEWORK_SEARCH_PATHS = (
					"$(inherited)",
					"$(PLATFORM_DIR)/Developer/Library/Frameworks",
				);
				HEADER_SEARCH_PATHS = "$(inherited)";
				INFOPLIST_FILE = Swiftest.xcodeproj/SwiftTestUtils_Info.plist;
				LD_RUNPATH_SEARCH_PATHS = "$(inherited) $(TOOLCHAIN_DIR)/usr/lib/swift/macosx";
				OTHER_CFLAGS = "$(inherited)";
				OTHER_LDFLAGS = "$(inherited)";
				OTHER_SWIFT_FLAGS = "$(inherited)";
				PRODUCT_BUNDLE_IDENTIFIER = SwiftTestUtils;
				PRODUCT_MODULE_NAME = "$(TARGET_NAME:c99extidentifier)";
				PRODUCT_NAME = "$(TARGET_NAME:c99extidentifier)";
				SKIP_INSTALL = YES;
				SWIFT_ACTIVE_COMPILATION_CONDITIONS = "$(inherited)";
				SWIFT_VERSION = 4.0;
				TARGET_NAME = SwiftTestUtils;
			};
			name = Debug;
		};
		OBJ_222 /* Release */ = {
			isa = XCBuildConfiguration;
			buildSettings = {
				ENABLE_TESTABILITY = YES;
				FRAMEWORK_SEARCH_PATHS = (
					"$(inherited)",
					"$(PLATFORM_DIR)/Developer/Library/Frameworks",
				);
				HEADER_SEARCH_PATHS = "$(inherited)";
				INFOPLIST_FILE = Swiftest.xcodeproj/SwiftTestUtils_Info.plist;
				LD_RUNPATH_SEARCH_PATHS = "$(inherited) $(TOOLCHAIN_DIR)/usr/lib/swift/macosx";
				OTHER_CFLAGS = "$(inherited)";
				OTHER_LDFLAGS = "$(inherited)";
				OTHER_SWIFT_FLAGS = "$(inherited)";
				PRODUCT_BUNDLE_IDENTIFIER = SwiftTestUtils;
				PRODUCT_MODULE_NAME = "$(TARGET_NAME:c99extidentifier)";
				PRODUCT_NAME = "$(TARGET_NAME:c99extidentifier)";
				SKIP_INSTALL = YES;
				SWIFT_ACTIVE_COMPILATION_CONDITIONS = "$(inherited)";
				SWIFT_VERSION = 4.0;
				TARGET_NAME = SwiftTestUtils;
			};
			name = Release;
		};
		OBJ_230 /* Debug */ = {
			isa = XCBuildConfiguration;
			buildSettings = {
				LD = /usr/bin/true;
				OTHER_SWIFT_FLAGS = "-swift-version 4 -I $(TOOLCHAIN_DIR)/usr/lib/swift/pm/4 -target x86_64-apple-macosx10.10 -sdk /Applications/Xcode.app/Contents/Developer/Platforms/MacOSX.platform/Developer/SDKs/MacOSX10.14.sdk";
				SWIFT_VERSION = 4.0;
			};
			name = Debug;
		};
		OBJ_231 /* Release */ = {
			isa = XCBuildConfiguration;
			buildSettings = {
				LD = /usr/bin/true;
				OTHER_SWIFT_FLAGS = "-swift-version 4 -I $(TOOLCHAIN_DIR)/usr/lib/swift/pm/4 -target x86_64-apple-macosx10.10 -sdk /Applications/Xcode.app/Contents/Developer/Platforms/MacOSX.platform/Developer/SDKs/MacOSX10.14.sdk";
				SWIFT_VERSION = 4.0;
			};
			name = Release;
		};
		OBJ_236 /* Debug */ = {
			isa = XCBuildConfiguration;
			buildSettings = {
				ENABLE_TESTABILITY = YES;
				FRAMEWORK_SEARCH_PATHS = (
					"$(inherited)",
					"$(PLATFORM_DIR)/Developer/Library/Frameworks",
				);
				HEADER_SEARCH_PATHS = "$(inherited)";
				INFOPLIST_FILE = Swiftest.xcodeproj/Swiftest_Info.plist;
				LD_RUNPATH_SEARCH_PATHS = "$(inherited) $(TOOLCHAIN_DIR)/usr/lib/swift/macosx";
				OTHER_CFLAGS = "$(inherited)";
				OTHER_LDFLAGS = "$(inherited)";
				OTHER_SWIFT_FLAGS = "$(inherited)";
				PRODUCT_BUNDLE_IDENTIFIER = Swiftest;
				PRODUCT_MODULE_NAME = "$(TARGET_NAME:c99extidentifier)";
				PRODUCT_NAME = "$(TARGET_NAME:c99extidentifier)";
				SKIP_INSTALL = YES;
				SWIFT_ACTIVE_COMPILATION_CONDITIONS = "$(inherited)";
				SWIFT_VERSION = 4.2;
				TARGET_NAME = Swiftest;
			};
			name = Debug;
		};
		OBJ_237 /* Release */ = {
			isa = XCBuildConfiguration;
			buildSettings = {
				ENABLE_TESTABILITY = YES;
				FRAMEWORK_SEARCH_PATHS = (
					"$(inherited)",
					"$(PLATFORM_DIR)/Developer/Library/Frameworks",
				);
				HEADER_SEARCH_PATHS = "$(inherited)";
				INFOPLIST_FILE = Swiftest.xcodeproj/Swiftest_Info.plist;
				LD_RUNPATH_SEARCH_PATHS = "$(inherited) $(TOOLCHAIN_DIR)/usr/lib/swift/macosx";
				OTHER_CFLAGS = "$(inherited)";
				OTHER_LDFLAGS = "$(inherited)";
				OTHER_SWIFT_FLAGS = "$(inherited)";
				PRODUCT_BUNDLE_IDENTIFIER = Swiftest;
				PRODUCT_MODULE_NAME = "$(TARGET_NAME:c99extidentifier)";
				PRODUCT_NAME = "$(TARGET_NAME:c99extidentifier)";
				SKIP_INSTALL = YES;
				SWIFT_ACTIVE_COMPILATION_CONDITIONS = "$(inherited)";
				SWIFT_VERSION = 4.2;
				TARGET_NAME = Swiftest;
			};
			name = Release;
		};
		OBJ_3 /* Debug */ = {
			isa = XCBuildConfiguration;
			buildSettings = {
				CLANG_ENABLE_OBJC_ARC = YES;
				COMBINE_HIDPI_IMAGES = YES;
				COPY_PHASE_STRIP = NO;
				DEBUG_INFORMATION_FORMAT = dwarf;
				DYLIB_INSTALL_NAME_BASE = "@rpath";
				ENABLE_NS_ASSERTIONS = YES;
				GCC_OPTIMIZATION_LEVEL = 0;
				GCC_PREPROCESSOR_DEFINITIONS = (
					"DEBUG=1",
					"$(inherited)",
				);
				MACOSX_DEPLOYMENT_TARGET = 10.10;
				ONLY_ACTIVE_ARCH = YES;
				OTHER_SWIFT_FLAGS = "-DXcode";
				PRODUCT_NAME = "$(TARGET_NAME)";
				SDKROOT = macosx;
				SUPPORTED_PLATFORMS = "macosx iphoneos iphonesimulator appletvos appletvsimulator watchos watchsimulator";
				SWIFT_ACTIVE_COMPILATION_CONDITIONS = "SWIFT_PACKAGE DEBUG";
				SWIFT_OPTIMIZATION_LEVEL = "-Onone";
				USE_HEADERMAP = NO;
			};
			name = Debug;
		};
		OBJ_375 /* Debug */ = {
			isa = XCBuildConfiguration;
			buildSettings = {
				LD = /usr/bin/true;
				OTHER_SWIFT_FLAGS = "-swift-version 4.2 -I $(TOOLCHAIN_DIR)/usr/lib/swift/pm/4_2 -target x86_64-apple-macosx10.10 -sdk /Applications/Xcode.app/Contents/Developer/Platforms/MacOSX.platform/Developer/SDKs/MacOSX10.14.sdk";
				SWIFT_VERSION = 4.2;
			};
			name = Debug;
		};
		OBJ_376 /* Release */ = {
			isa = XCBuildConfiguration;
			buildSettings = {
				LD = /usr/bin/true;
				OTHER_SWIFT_FLAGS = "-swift-version 4.2 -I $(TOOLCHAIN_DIR)/usr/lib/swift/pm/4_2 -target x86_64-apple-macosx10.10 -sdk /Applications/Xcode.app/Contents/Developer/Platforms/MacOSX.platform/Developer/SDKs/MacOSX10.14.sdk";
				SWIFT_VERSION = 4.2;
			};
			name = Release;
		};
		OBJ_381 /* Debug */ = {
			isa = XCBuildConfiguration;
			buildSettings = {
			};
			name = Debug;
		};
		OBJ_382 /* Release */ = {
			isa = XCBuildConfiguration;
			buildSettings = {
			};
			name = Release;
		};
		OBJ_386 /* Debug */ = {
			isa = XCBuildConfiguration;
			buildSettings = {
				CLANG_ENABLE_MODULES = YES;
				EMBEDDED_CONTENT_CONTAINS_SWIFT = YES;
				FRAMEWORK_SEARCH_PATHS = (
					"$(inherited)",
					"$(PLATFORM_DIR)/Developer/Library/Frameworks",
				);
				HEADER_SEARCH_PATHS = "$(inherited)";
				INFOPLIST_FILE = Swiftest.xcodeproj/SwiftestTests_Info.plist;
				LD_RUNPATH_SEARCH_PATHS = "$(inherited) @loader_path/../Frameworks @loader_path/Frameworks";
				OTHER_CFLAGS = "$(inherited)";
				OTHER_LDFLAGS = "$(inherited)";
				OTHER_SWIFT_FLAGS = "$(inherited)";
				SWIFT_ACTIVE_COMPILATION_CONDITIONS = "$(inherited)";
				SWIFT_VERSION = 4.2;
				TARGET_NAME = SwiftestTests;
			};
			name = Debug;
		};
		OBJ_387 /* Release */ = {
			isa = XCBuildConfiguration;
			buildSettings = {
				CLANG_ENABLE_MODULES = YES;
				EMBEDDED_CONTENT_CONTAINS_SWIFT = YES;
				FRAMEWORK_SEARCH_PATHS = (
					"$(inherited)",
					"$(PLATFORM_DIR)/Developer/Library/Frameworks",
				);
				HEADER_SEARCH_PATHS = "$(inherited)";
				INFOPLIST_FILE = Swiftest.xcodeproj/SwiftestTests_Info.plist;
				LD_RUNPATH_SEARCH_PATHS = "$(inherited) @loader_path/../Frameworks @loader_path/Frameworks";
				OTHER_CFLAGS = "$(inherited)";
				OTHER_LDFLAGS = "$(inherited)";
				OTHER_SWIFT_FLAGS = "$(inherited)";
				SWIFT_ACTIVE_COMPILATION_CONDITIONS = "$(inherited)";
				SWIFT_VERSION = 4.2;
				TARGET_NAME = SwiftestTests;
			};
			name = Release;
		};
		OBJ_4 /* Release */ = {
			isa = XCBuildConfiguration;
			buildSettings = {
				CLANG_ENABLE_OBJC_ARC = YES;
				COMBINE_HIDPI_IMAGES = YES;
				COPY_PHASE_STRIP = YES;
				DEBUG_INFORMATION_FORMAT = "dwarf-with-dsym";
				DYLIB_INSTALL_NAME_BASE = "@rpath";
				GCC_OPTIMIZATION_LEVEL = s;
				MACOSX_DEPLOYMENT_TARGET = 10.10;
				OTHER_SWIFT_FLAGS = "-DXcode";
				PRODUCT_NAME = "$(TARGET_NAME)";
				SDKROOT = macosx;
				SUPPORTED_PLATFORMS = "macosx iphoneos iphonesimulator appletvos appletvsimulator watchos watchsimulator";
				SWIFT_ACTIVE_COMPILATION_CONDITIONS = SWIFT_PACKAGE;
				SWIFT_OPTIMIZATION_LEVEL = "-Owholemodule";
				USE_HEADERMAP = NO;
			};
			name = Release;
		};
/* End XCBuildConfiguration section */

/* Begin XCConfigurationList section */
		OBJ_2 /* Build configuration list for PBXProject "Swiftest" */ = {
			isa = XCConfigurationList;
			buildConfigurations = (
				OBJ_3 /* Debug */,
				OBJ_4 /* Release */,
			);
			defaultConfigurationIsVisible = 0;
			defaultConfigurationName = Release;
		};
		OBJ_220 /* Build configuration list for PBXNativeTarget "SwiftTestUtils" */ = {
			isa = XCConfigurationList;
			buildConfigurations = (
				OBJ_221 /* Debug */,
				OBJ_222 /* Release */,
			);
			defaultConfigurationIsVisible = 0;
			defaultConfigurationName = Release;
		};
		OBJ_229 /* Build configuration list for PBXNativeTarget "SwiftTestUtilsPackageDescription" */ = {
			isa = XCConfigurationList;
			buildConfigurations = (
				OBJ_230 /* Debug */,
				OBJ_231 /* Release */,
			);
			defaultConfigurationIsVisible = 0;
			defaultConfigurationName = Release;
		};
		OBJ_235 /* Build configuration list for PBXNativeTarget "Swiftest" */ = {
			isa = XCConfigurationList;
			buildConfigurations = (
				OBJ_236 /* Debug */,
				OBJ_237 /* Release */,
			);
			defaultConfigurationIsVisible = 0;
			defaultConfigurationName = Release;
		};
		OBJ_374 /* Build configuration list for PBXNativeTarget "SwiftestPackageDescription" */ = {
			isa = XCConfigurationList;
			buildConfigurations = (
				OBJ_375 /* Debug */,
				OBJ_376 /* Release */,
			);
			defaultConfigurationIsVisible = 0;
			defaultConfigurationName = Release;
		};
		OBJ_380 /* Build configuration list for PBXAggregateTarget "SwiftestPackageTests" */ = {
			isa = XCConfigurationList;
			buildConfigurations = (
				OBJ_381 /* Debug */,
				OBJ_382 /* Release */,
			);
			defaultConfigurationIsVisible = 0;
			defaultConfigurationName = Release;
		};
		OBJ_385 /* Build configuration list for PBXNativeTarget "SwiftestTests" */ = {
			isa = XCConfigurationList;
			buildConfigurations = (
				OBJ_386 /* Debug */,
				OBJ_387 /* Release */,
			);
			defaultConfigurationIsVisible = 0;
			defaultConfigurationName = Release;
		};
/* End XCConfigurationList section */
	};
	rootObject = OBJ_1 /* Project object */;
}
